
Microsoft Visual Studio Solution File, Format Version 12.00
# Visual Studio Version 17
VisualStudioVersion = 17.0.31903.59
MinimumVisualStudioVersion = 10.0.40219.1
Project("{2150E333-8FDC-42A3-9474-1A3956D46DE8}") = "src", "src", "{827E0CD3-B72D-47B6-A68D-7590B98EB39B}"
EndProject
Project("{2150E333-8FDC-42A3-9474-1A3956D46DE8}") = "Aspire", "Aspire", "{52BF7FB6-37FF-5100-EFD1-124EFF302675}"
EndProject
Project("{FAE04EC0-301F-11D3-BF4B-00C04F79EFBC}") = "Backlog.Aspire.AppHost", "src\Aspire\Backlog.Aspire.AppHost\Backlog.Aspire.AppHost.csproj", "{4DA2F9F4-8AE9-451E-B02C-48DCC363637C}"
EndProject
Project("{FAE04EC0-301F-11D3-BF4B-00C04F79EFBC}") = "Backlog.Aspire.ServiceDefaults", "src\Aspire\Backlog.Aspire.ServiceDefaults\Backlog.Aspire.ServiceDefaults.csproj", "{A2925B23-5405-4EB0-A73E-CA09ECC7B276}"
EndProject
Project("{2150E333-8FDC-42A3-9474-1A3956D46DE8}") = "Entries", "Entries", "{1B23B49E-D122-3A40-7765-09CCCD02F436}"
EndProject
Project("{FAE04EC0-301F-11D3-BF4B-00C04F79EFBC}") = "Backlog.Entries", "src\Entries\Backlog.Entries\Backlog.Entries.csproj", "{2CCA9A7E-8721-420A-B8EC-564919C13AED}"
EndProject
Project("{FAE04EC0-301F-11D3-BF4B-00C04F79EFBC}") = "Backlog.Entries.Data.FileSystem", "src\Entries\Backlog.Entries.Data.FileSystem\Backlog.Entries.Data.FileSystem.csproj", "{1430E31F-07B9-4D1D-9755-CBFBB64B26E7}"
EndProject
Project("{FAE04EC0-301F-11D3-BF4B-00C04F79EFBC}") = "Backlog.Entries.Integrations.GitHub", "src\Entries\Backlog.Entries.Integrations.GitHub\Backlog.Entries.Integrations.GitHub.csproj", "{A1E5EFE5-B153-47FB-8F08-55539A035A8C}"
EndProject
Project("{2150E333-8FDC-42A3-9474-1A3956D46DE8}") = "App", "App", "{547E75E0-49BC-27F6-65D6-DF25CFFB661A}"
EndProject
Project("{FAE04EC0-301F-11D3-BF4B-00C04F79EFBC}") = "Backlog.Desktop.UI", "src\App\Backlog.Desktop.UI\Backlog.Desktop.UI.csproj", "{5A910A16-CB27-4B59-989E-4C16FE06B787}"
EndProject
Project("{FAE04EC0-301F-11D3-BF4B-00C04F79EFBC}") = "Backlog.Desktop", "src\App\Backlog.Desktop\Backlog.Desktop.csproj", "{EC54B0B7-37DF-4FB0-A02F-330325679DE5}"
EndProject
Project("{FAE04EC0-301F-11D3-BF4B-00C04F79EFBC}") = "Backlog.Mobile.UI", "src\App\Backlog.Mobile.UI\Backlog.Mobile.UI.csproj", "{AE20A436-BB02-4ED0-A2DC-DDA19345F6E9}"
EndProject
Project("{FAE04EC0-301F-11D3-BF4B-00C04F79EFBC}") = "Backlog.Mobile", "src\App\Backlog.Mobile\Backlog.Mobile.csproj", "{AFBAB320-2B22-40AD-80CA-E6DE67E25E75}"
EndProject
Project("{2150E333-8FDC-42A3-9474-1A3956D46DE8}") = "Cloud", "Cloud", "{95E80168-171F-B871-B946-3646EA1871A2}"
EndProject
Project("{FAE04EC0-301F-11D3-BF4B-00C04F79EFBC}") = "Backlog.Cloud", "src\Cloud\Backlog.Cloud\Backlog.Cloud.csproj", "{13282D2C-106B-44D6-87EF-CBF309F24925}"
EndProject
Project("{2150E333-8FDC-42A3-9474-1A3956D46DE8}") = "Harness", "Harness", "{D5AE8E2F-FCCF-FC4C-7CA1-EC37A83192A6}"
EndProject
Project("{FAE04EC0-301F-11D3-BF4B-00C04F79EFBC}") = "Backlog.Desktop.WebHarness", "src\Harness\Backlog.Desktop.WebHarness\Backlog.Desktop.WebHarness.csproj", "{4AD39749-CF21-4C68-9886-365E1240DA8B}"
EndProject
Project("{FAE04EC0-301F-11D3-BF4B-00C04F79EFBC}") = "Backlog.Mobile.WebHarness", "src\Harness\Backlog.Mobile.WebHarness\Backlog.Mobile.WebHarness.csproj", "{0996BEF9-5BC9-45C9-B625-BB30FE665699}"
EndProject
Project("{2150E333-8FDC-42A3-9474-1A3956D46DE8}") = "tests", "tests", "{0AB3BF05-4346-4AA6-1389-037BE0695223}"
EndProject
Project("{FAE04EC0-301F-11D3-BF4B-00C04F79EFBC}") = "Backlog.Entries.UnitTests", "tests\Backlog.Entries.UnitTests\Backlog.Entries.UnitTests.csproj", "{32DEC294-1AA2-470F-8518-BE70BC9A8F68}"
EndProject
Project("{FAE04EC0-301F-11D3-BF4B-00C04F79EFBC}") = "Backlog.Desktop.UI.UnitTests", "tests\Backlog.Desktop.UI.UnitTests\Backlog.Desktop.UI.UnitTests.csproj", "{86AC90B4-45E7-44AB-88BA-E2C2CF1E00B8}"
EndProject
Global
	GlobalSection(SolutionConfigurationPlatforms) = preSolution
		Debug|Any CPU = Debug|Any CPU
		Debug|x64 = Debug|x64
		Debug|x86 = Debug|x86
		Release|Any CPU = Release|Any CPU
		Release|x64 = Release|x64
		Release|x86 = Release|x86
	EndGlobalSection
	GlobalSection(ProjectConfigurationPlatforms) = postSolution
		{4DA2F9F4-8AE9-451E-B02C-48DCC363637C}.Debug|Any CPU.ActiveCfg = Debug|Any CPU
		{4DA2F9F4-8AE9-451E-B02C-48DCC363637C}.Debug|Any CPU.Build.0 = Debug|Any CPU
		{4DA2F9F4-8AE9-451E-B02C-48DCC363637C}.Debug|x64.ActiveCfg = Debug|Any CPU
		{4DA2F9F4-8AE9-451E-B02C-48DCC363637C}.Debug|x64.Build.0 = Debug|Any CPU
		{4DA2F9F4-8AE9-451E-B02C-48DCC363637C}.Debug|x86.ActiveCfg = Debug|Any CPU
		{4DA2F9F4-8AE9-451E-B02C-48DCC363637C}.Debug|x86.Build.0 = Debug|Any CPU
		{4DA2F9F4-8AE9-451E-B02C-48DCC363637C}.Release|Any CPU.ActiveCfg = Release|Any CPU
		{4DA2F9F4-8AE9-451E-B02C-48DCC363637C}.Release|Any CPU.Build.0 = Release|Any CPU
		{4DA2F9F4-8AE9-451E-B02C-48DCC363637C}.Release|x64.ActiveCfg = Release|Any CPU
		{4DA2F9F4-8AE9-451E-B02C-48DCC363637C}.Release|x64.Build.0 = Release|Any CPU
		{4DA2F9F4-8AE9-451E-B02C-48DCC363637C}.Release|x86.ActiveCfg = Release|Any CPU
		{4DA2F9F4-8AE9-451E-B02C-48DCC363637C}.Release|x86.Build.0 = Release|Any CPU
		{A2925B23-5405-4EB0-A73E-CA09ECC7B276}.Debug|Any CPU.ActiveCfg = Debug|Any CPU
		{A2925B23-5405-4EB0-A73E-CA09ECC7B276}.Debug|Any CPU.Build.0 = Debug|Any CPU
		{A2925B23-5405-4EB0-A73E-CA09ECC7B276}.Debug|x64.ActiveCfg = Debug|Any CPU
		{A2925B23-5405-4EB0-A73E-CA09ECC7B276}.Debug|x64.Build.0 = Debug|Any CPU
		{A2925B23-5405-4EB0-A73E-CA09ECC7B276}.Debug|x86.ActiveCfg = Debug|Any CPU
		{A2925B23-5405-4EB0-A73E-CA09ECC7B276}.Debug|x86.Build.0 = Debug|Any CPU
		{A2925B23-5405-4EB0-A73E-CA09ECC7B276}.Release|Any CPU.ActiveCfg = Release|Any CPU
		{A2925B23-5405-4EB0-A73E-CA09ECC7B276}.Release|Any CPU.Build.0 = Release|Any CPU
		{A2925B23-5405-4EB0-A73E-CA09ECC7B276}.Release|x64.ActiveCfg = Release|Any CPU
		{A2925B23-5405-4EB0-A73E-CA09ECC7B276}.Release|x64.Build.0 = Release|Any CPU
		{A2925B23-5405-4EB0-A73E-CA09ECC7B276}.Release|x86.ActiveCfg = Release|Any CPU
		{A2925B23-5405-4EB0-A73E-CA09ECC7B276}.Release|x86.Build.0 = Release|Any CPU
		{2CCA9A7E-8721-420A-B8EC-564919C13AED}.Debug|Any CPU.ActiveCfg = Debug|Any CPU
		{2CCA9A7E-8721-420A-B8EC-564919C13AED}.Debug|Any CPU.Build.0 = Debug|Any CPU
		{2CCA9A7E-8721-420A-B8EC-564919C13AED}.Debug|x64.ActiveCfg = Debug|Any CPU
		{2CCA9A7E-8721-420A-B8EC-564919C13AED}.Debug|x64.Build.0 = Debug|Any CPU
		{2CCA9A7E-8721-420A-B8EC-564919C13AED}.Debug|x86.ActiveCfg = Debug|Any CPU
		{2CCA9A7E-8721-420A-B8EC-564919C13AED}.Debug|x86.Build.0 = Debug|Any CPU
		{2CCA9A7E-8721-420A-B8EC-564919C13AED}.Release|Any CPU.ActiveCfg = Release|Any CPU
		{2CCA9A7E-8721-420A-B8EC-564919C13AED}.Release|Any CPU.Build.0 = Release|Any CPU
		{2CCA9A7E-8721-420A-B8EC-564919C13AED}.Release|x64.ActiveCfg = Release|Any CPU
		{2CCA9A7E-8721-420A-B8EC-564919C13AED}.Release|x64.Build.0 = Release|Any CPU
		{2CCA9A7E-8721-420A-B8EC-564919C13AED}.Release|x86.ActiveCfg = Release|Any CPU
		{2CCA9A7E-8721-420A-B8EC-564919C13AED}.Release|x86.Build.0 = Release|Any CPU
		{1430E31F-07B9-4D1D-9755-CBFBB64B26E7}.Debug|Any CPU.ActiveCfg = Debug|Any CPU
		{1430E31F-07B9-4D1D-9755-CBFBB64B26E7}.Debug|Any CPU.Build.0 = Debug|Any CPU
		{1430E31F-07B9-4D1D-9755-CBFBB64B26E7}.Debug|x64.ActiveCfg = Debug|Any CPU
		{1430E31F-07B9-4D1D-9755-CBFBB64B26E7}.Debug|x64.Build.0 = Debug|Any CPU
		{1430E31F-07B9-4D1D-9755-CBFBB64B26E7}.Debug|x86.ActiveCfg = Debug|Any CPU
		{1430E31F-07B9-4D1D-9755-CBFBB64B26E7}.Debug|x86.Build.0 = Debug|Any CPU
		{1430E31F-07B9-4D1D-9755-CBFBB64B26E7}.Release|Any CPU.ActiveCfg = Release|Any CPU
		{1430E31F-07B9-4D1D-9755-CBFBB64B26E7}.Release|Any CPU.Build.0 = Release|Any CPU
		{1430E31F-07B9-4D1D-9755-CBFBB64B26E7}.Release|x64.ActiveCfg = Release|Any CPU
		{1430E31F-07B9-4D1D-9755-CBFBB64B26E7}.Release|x64.Build.0 = Release|Any CPU
		{1430E31F-07B9-4D1D-9755-CBFBB64B26E7}.Release|x86.ActiveCfg = Release|Any CPU
		{1430E31F-07B9-4D1D-9755-CBFBB64B26E7}.Release|x86.Build.0 = Release|Any CPU
		{A1E5EFE5-B153-47FB-8F08-55539A035A8C}.Debug|Any CPU.ActiveCfg = Debug|Any CPU
		{A1E5EFE5-B153-47FB-8F08-55539A035A8C}.Debug|Any CPU.Build.0 = Debug|Any CPU
		{A1E5EFE5-B153-47FB-8F08-55539A035A8C}.Debug|x64.ActiveCfg = Debug|Any CPU
		{A1E5EFE5-B153-47FB-8F08-55539A035A8C}.Debug|x64.Build.0 = Debug|Any CPU
		{A1E5EFE5-B153-47FB-8F08-55539A035A8C}.Debug|x86.ActiveCfg = Debug|Any CPU
		{A1E5EFE5-B153-47FB-8F08-55539A035A8C}.Debug|x86.Build.0 = Debug|Any CPU
		{A1E5EFE5-B153-47FB-8F08-55539A035A8C}.Release|Any CPU.ActiveCfg = Release|Any CPU
		{A1E5EFE5-B153-47FB-8F08-55539A035A8C}.Release|Any CPU.Build.0 = Release|Any CPU
		{A1E5EFE5-B153-47FB-8F08-55539A035A8C}.Release|x64.ActiveCfg = Release|Any CPU
		{A1E5EFE5-B153-47FB-8F08-55539A035A8C}.Release|x64.Build.0 = Release|Any CPU
		{A1E5EFE5-B153-47FB-8F08-55539A035A8C}.Release|x86.ActiveCfg = Release|Any CPU
		{A1E5EFE5-B153-47FB-8F08-55539A035A8C}.Release|x86.Build.0 = Release|Any CPU
		{5A910A16-CB27-4B59-989E-4C16FE06B787}.Debug|Any CPU.ActiveCfg = Debug|Any CPU
		{5A910A16-CB27-4B59-989E-4C16FE06B787}.Debug|Any CPU.Build.0 = Debug|Any CPU
		{5A910A16-CB27-4B59-989E-4C16FE06B787}.Debug|x64.ActiveCfg = Debug|Any CPU
		{5A910A16-CB27-4B59-989E-4C16FE06B787}.Debug|x64.Build.0 = Debug|Any CPU
		{5A910A16-CB27-4B59-989E-4C16FE06B787}.Debug|x86.ActiveCfg = Debug|Any CPU
		{5A910A16-CB27-4B59-989E-4C16FE06B787}.Debug|x86.Build.0 = Debug|Any CPU
		{5A910A16-CB27-4B59-989E-4C16FE06B787}.Release|Any CPU.ActiveCfg = Release|Any CPU
		{5A910A16-CB27-4B59-989E-4C16FE06B787}.Release|Any CPU.Build.0 = Release|Any CPU
		{5A910A16-CB27-4B59-989E-4C16FE06B787}.Release|x64.ActiveCfg = Release|Any CPU
		{5A910A16-CB27-4B59-989E-4C16FE06B787}.Release|x64.Build.0 = Release|Any CPU
		{5A910A16-CB27-4B59-989E-4C16FE06B787}.Release|x86.ActiveCfg = Release|Any CPU
		{5A910A16-CB27-4B59-989E-4C16FE06B787}.Release|x86.Build.0 = Release|Any CPU
		{EC54B0B7-37DF-4FB0-A02F-330325679DE5}.Debug|Any CPU.ActiveCfg = Debug|Any CPU
		{EC54B0B7-37DF-4FB0-A02F-330325679DE5}.Debug|Any CPU.Build.0 = Debug|Any CPU
		{EC54B0B7-37DF-4FB0-A02F-330325679DE5}.Debug|x64.ActiveCfg = Debug|Any CPU
		{EC54B0B7-37DF-4FB0-A02F-330325679DE5}.Debug|x64.Build.0 = Debug|Any CPU
		{EC54B0B7-37DF-4FB0-A02F-330325679DE5}.Debug|x86.ActiveCfg = Debug|Any CPU
		{EC54B0B7-37DF-4FB0-A02F-330325679DE5}.Debug|x86.Build.0 = Debug|Any CPU
		{EC54B0B7-37DF-4FB0-A02F-330325679DE5}.Release|Any CPU.ActiveCfg = Release|Any CPU
		{EC54B0B7-37DF-4FB0-A02F-330325679DE5}.Release|Any CPU.Build.0 = Release|Any CPU
		{EC54B0B7-37DF-4FB0-A02F-330325679DE5}.Release|x64.ActiveCfg = Release|Any CPU
		{EC54B0B7-37DF-4FB0-A02F-330325679DE5}.Release|x64.Build.0 = Release|Any CPU
		{EC54B0B7-37DF-4FB0-A02F-330325679DE5}.Release|x86.ActiveCfg = Release|Any CPU
		{EC54B0B7-37DF-4FB0-A02F-330325679DE5}.Release|x86.Build.0 = Release|Any CPU
		{AE20A436-BB02-4ED0-A2DC-DDA19345F6E9}.Debug|Any CPU.ActiveCfg = Debug|Any CPU
		{AE20A436-BB02-4ED0-A2DC-DDA19345F6E9}.Debug|Any CPU.Build.0 = Debug|Any CPU
		{AE20A436-BB02-4ED0-A2DC-DDA19345F6E9}.Debug|x64.ActiveCfg = Debug|Any CPU
		{AE20A436-BB02-4ED0-A2DC-DDA19345F6E9}.Debug|x64.Build.0 = Debug|Any CPU
		{AE20A436-BB02-4ED0-A2DC-DDA19345F6E9}.Debug|x86.ActiveCfg = Debug|Any CPU
		{AE20A436-BB02-4ED0-A2DC-DDA19345F6E9}.Debug|x86.Build.0 = Debug|Any CPU
		{AE20A436-BB02-4ED0-A2DC-DDA19345F6E9}.Release|Any CPU.ActiveCfg = Release|Any CPU
		{AE20A436-BB02-4ED0-A2DC-DDA19345F6E9}.Release|Any CPU.Build.0 = Release|Any CPU
		{AE20A436-BB02-4ED0-A2DC-DDA19345F6E9}.Release|x64.ActiveCfg = Release|Any CPU
		{AE20A436-BB02-4ED0-A2DC-DDA19345F6E9}.Release|x64.Build.0 = Release|Any CPU
		{AE20A436-BB02-4ED0-A2DC-DDA19345F6E9}.Release|x86.ActiveCfg = Release|Any CPU
		{AE20A436-BB02-4ED0-A2DC-DDA19345F6E9}.Release|x86.Build.0 = Release|Any CPU
		{AFBAB320-2B22-40AD-80CA-E6DE67E25E75}.Debug|Any CPU.ActiveCfg = Debug|Any CPU
		{AFBAB320-2B22-40AD-80CA-E6DE67E25E75}.Debug|Any CPU.Build.0 = Debug|Any CPU
		{AFBAB320-2B22-40AD-80CA-E6DE67E25E75}.Debug|x64.ActiveCfg = Debug|Any CPU
		{AFBAB320-2B22-40AD-80CA-E6DE67E25E75}.Debug|x64.Build.0 = Debug|Any CPU
		{AFBAB320-2B22-40AD-80CA-E6DE67E25E75}.Debug|x86.ActiveCfg = Debug|Any CPU
		{AFBAB320-2B22-40AD-80CA-E6DE67E25E75}.Debug|x86.Build.0 = Debug|Any CPU
		{AFBAB320-2B22-40AD-80CA-E6DE67E25E75}.Release|Any CPU.ActiveCfg = Release|Any CPU
		{AFBAB320-2B22-40AD-80CA-E6DE67E25E75}.Release|Any CPU.Build.0 = Release|Any CPU
		{AFBAB320-2B22-40AD-80CA-E6DE67E25E75}.Release|x64.ActiveCfg = Release|Any CPU
		{AFBAB320-2B22-40AD-80CA-E6DE67E25E75}.Release|x64.Build.0 = Release|Any CPU
		{AFBAB320-2B22-40AD-80CA-E6DE67E25E75}.Release|x86.ActiveCfg = Release|Any CPU
		{AFBAB320-2B22-40AD-80CA-E6DE67E25E75}.Release|x86.Build.0 = Release|Any CPU
		{13282D2C-106B-44D6-87EF-CBF309F24925}.Debug|Any CPU.ActiveCfg = Debug|Any CPU
		{13282D2C-106B-44D6-87EF-CBF309F24925}.Debug|Any CPU.Build.0 = Debug|Any CPU
		{13282D2C-106B-44D6-87EF-CBF309F24925}.Debug|x64.ActiveCfg = Debug|Any CPU
		{13282D2C-106B-44D6-87EF-CBF309F24925}.Debug|x64.Build.0 = Debug|Any CPU
		{13282D2C-106B-44D6-87EF-CBF309F24925}.Debug|x86.ActiveCfg = Debug|Any CPU
		{13282D2C-106B-44D6-87EF-CBF309F24925}.Debug|x86.Build.0 = Debug|Any CPU
		{13282D2C-106B-44D6-87EF-CBF309F24925}.Release|Any CPU.ActiveCfg = Release|Any CPU
		{13282D2C-106B-44D6-87EF-CBF309F24925}.Release|Any CPU.Build.0 = Release|Any CPU
		{13282D2C-106B-44D6-87EF-CBF309F24925}.Release|x64.ActiveCfg = Release|Any CPU
		{13282D2C-106B-44D6-87EF-CBF309F24925}.Release|x64.Build.0 = Release|Any CPU
		{13282D2C-106B-44D6-87EF-CBF309F24925}.Release|x86.ActiveCfg = Release|Any CPU
		{13282D2C-106B-44D6-87EF-CBF309F24925}.Release|x86.Build.0 = Release|Any CPU
		{4AD39749-CF21-4C68-9886-365E1240DA8B}.Debug|Any CPU.ActiveCfg = Debug|Any CPU
		{4AD39749-CF21-4C68-9886-365E1240DA8B}.Debug|Any CPU.Build.0 = Debug|Any CPU
		{4AD39749-CF21-4C68-9886-365E1240DA8B}.Debug|x64.ActiveCfg = Debug|Any CPU
		{4AD39749-CF21-4C68-9886-365E1240DA8B}.Debug|x64.Build.0 = Debug|Any CPU
		{4AD39749-CF21-4C68-9886-365E1240DA8B}.Debug|x86.ActiveCfg = Debug|Any CPU
		{4AD39749-CF21-4C68-9886-365E1240DA8B}.Debug|x86.Build.0 = Debug|Any CPU
		{4AD39749-CF21-4C68-9886-365E1240DA8B}.Release|Any CPU.ActiveCfg = Release|Any CPU
		{4AD39749-CF21-4C68-9886-365E1240DA8B}.Release|Any CPU.Build.0 = Release|Any CPU
		{4AD39749-CF21-4C68-9886-365E1240DA8B}.Release|x64.ActiveCfg = Release|Any CPU
		{4AD39749-CF21-4C68-9886-365E1240DA8B}.Release|x64.Build.0 = Release|Any CPU
		{4AD39749-CF21-4C68-9886-365E1240DA8B}.Release|x86.ActiveCfg = Release|Any CPU
		{4AD39749-CF21-4C68-9886-365E1240DA8B}.Release|x86.Build.0 = Release|Any CPU
		{0996BEF9-5BC9-45C9-B625-BB30FE665699}.Debug|Any CPU.ActiveCfg = Debug|Any CPU
		{0996BEF9-5BC9-45C9-B625-BB30FE665699}.Debug|Any CPU.Build.0 = Debug|Any CPU
		{0996BEF9-5BC9-45C9-B625-BB30FE665699}.Debug|x64.ActiveCfg = Debug|Any CPU
		{0996BEF9-5BC9-45C9-B625-BB30FE665699}.Debug|x64.Build.0 = Debug|Any CPU
		{0996BEF9-5BC9-45C9-B625-BB30FE665699}.Debug|x86.ActiveCfg = Debug|Any CPU
		{0996BEF9-5BC9-45C9-B625-BB30FE665699}.Debug|x86.Build.0 = Debug|Any CPU
		{0996BEF9-5BC9-45C9-B625-BB30FE665699}.Release|Any CPU.ActiveCfg = Release|Any CPU
		{0996BEF9-5BC9-45C9-B625-BB30FE665699}.Release|Any CPU.Build.0 = Release|Any CPU
		{0996BEF9-5BC9-45C9-B625-BB30FE665699}.Release|x64.ActiveCfg = Release|Any CPU
		{0996BEF9-5BC9-45C9-B625-BB30FE665699}.Release|x64.Build.0 = Release|Any CPU
		{0996BEF9-5BC9-45C9-B625-BB30FE665699}.Release|x86.ActiveCfg = Release|Any CPU
		{0996BEF9-5BC9-45C9-B625-BB30FE665699}.Release|x86.Build.0 = Release|Any CPU
		{32DEC294-1AA2-470F-8518-BE70BC9A8F68}.Debug|Any CPU.ActiveCfg = Debug|Any CPU
		{32DEC294-1AA2-470F-8518-BE70BC9A8F68}.Debug|Any CPU.Build.0 = Debug|Any CPU
		{32DEC294-1AA2-470F-8518-BE70BC9A8F68}.Debug|x64.ActiveCfg = Debug|Any CPU
		{32DEC294-1AA2-470F-8518-BE70BC9A8F68}.Debug|x64.Build.0 = Debug|Any CPU
		{32DEC294-1AA2-470F-8518-BE70BC9A8F68}.Debug|x86.ActiveCfg = Debug|Any CPU
		{32DEC294-1AA2-470F-8518-BE70BC9A8F68}.Debug|x86.Build.0 = Debug|Any CPU
		{32DEC294-1AA2-470F-8518-BE70BC9A8F68}.Release|Any CPU.ActiveCfg = Release|Any CPU
		{32DEC294-1AA2-470F-8518-BE70BC9A8F68}.Release|Any CPU.Build.0 = Release|Any CPU
		{32DEC294-1AA2-470F-8518-BE70BC9A8F68}.Release|x64.ActiveCfg = Release|Any CPU
		{32DEC294-1AA2-470F-8518-BE70BC9A8F68}.Release|x64.Build.0 = Release|Any CPU
		{32DEC294-1AA2-470F-8518-BE70BC9A8F68}.Release|x86.ActiveCfg = Release|Any CPU
		{32DEC294-1AA2-470F-8518-BE70BC9A8F68}.Release|x86.Build.0 = Release|Any CPU
		{86AC90B4-45E7-44AB-88BA-E2C2CF1E00B8}.Debug|Any CPU.ActiveCfg = Debug|Any CPU
		{86AC90B4-45E7-44AB-88BA-E2C2CF1E00B8}.Debug|Any CPU.Build.0 = Debug|Any CPU
		{86AC90B4-45E7-44AB-88BA-E2C2CF1E00B8}.Debug|x64.ActiveCfg = Debug|Any CPU
		{86AC90B4-45E7-44AB-88BA-E2C2CF1E00B8}.Debug|x64.Build.0 = Debug|Any CPU
		{86AC90B4-45E7-44AB-88BA-E2C2CF1E00B8}.Debug|x86.ActiveCfg = Debug|Any CPU
		{86AC90B4-45E7-44AB-88BA-E2C2CF1E00B8}.Debug|x86.Build.0 = Debug|Any CPU
		{86AC90B4-45E7-44AB-88BA-E2C2CF1E00B8}.Release|Any CPU.ActiveCfg = Release|Any CPU
		{86AC90B4-45E7-44AB-88BA-E2C2CF1E00B8}.Release|Any CPU.Build.0 = Release|Any CPU
		{86AC90B4-45E7-44AB-88BA-E2C2CF1E00B8}.Release|x64.ActiveCfg = Release|Any CPU
		{86AC90B4-45E7-44AB-88BA-E2C2CF1E00B8}.Release|x64.Build.0 = Release|Any CPU
		{86AC90B4-45E7-44AB-88BA-E2C2CF1E00B8}.Release|x86.ActiveCfg = Release|Any CPU
		{86AC90B4-45E7-44AB-88BA-E2C2CF1E00B8}.Release|x86.Build.0 = Release|Any CPU
	EndGlobalSection
	GlobalSection(SolutionProperties) = preSolution
		HideSolutionNode = FALSE
	EndGlobalSection
	GlobalSection(NestedProjects) = preSolution
		{52BF7FB6-37FF-5100-EFD1-124EFF302675} = {827E0CD3-B72D-47B6-A68D-7590B98EB39B}
		{4DA2F9F4-8AE9-451E-B02C-48DCC363637C} = {52BF7FB6-37FF-5100-EFD1-124EFF302675}
		{A2925B23-5405-4EB0-A73E-CA09ECC7B276} = {52BF7FB6-37FF-5100-EFD1-124EFF302675}
		{1B23B49E-D122-3A40-7765-09CCCD02F436} = {827E0CD3-B72D-47B6-A68D-7590B98EB39B}
		{2CCA9A7E-8721-420A-B8EC-564919C13AED} = {1B23B49E-D122-3A40-7765-09CCCD02F436}
		{1430E31F-07B9-4D1D-9755-CBFBB64B26E7} = {1B23B49E-D122-3A40-7765-09CCCD02F436}
		{A1E5EFE5-B153-47FB-8F08-55539A035A8C} = {1B23B49E-D122-3A40-7765-09CCCD02F436}
		{547E75E0-49BC-27F6-65D6-DF25CFFB661A} = {827E0CD3-B72D-47B6-A68D-7590B98EB39B}
		{5A910A16-CB27-4B59-989E-4C16FE06B787} = {547E75E0-49BC-27F6-65D6-DF25CFFB661A}
		{EC54B0B7-37DF-4FB0-A02F-330325679DE5} = {547E75E0-49BC-27F6-65D6-DF25CFFB661A}
		{AE20A436-BB02-4ED0-A2DC-DDA19345F6E9} = {547E75E0-49BC-27F6-65D6-DF25CFFB661A}
		{AFBAB320-2B22-40AD-80CA-E6DE67E25E75} = {547E75E0-49BC-27F6-65D6-DF25CFFB661A}
		{95E80168-171F-B871-B946-3646EA1871A2} = {827E0CD3-B72D-47B6-A68D-7590B98EB39B}
		{13282D2C-106B-44D6-87EF-CBF309F24925} = {95E80168-171F-B871-B946-3646EA1871A2}
		{D5AE8E2F-FCCF-FC4C-7CA1-EC37A83192A6} = {827E0CD3-B72D-47B6-A68D-7590B98EB39B}
		{4AD39749-CF21-4C68-9886-365E1240DA8B} = {D5AE8E2F-FCCF-FC4C-7CA1-EC37A83192A6}
		{0996BEF9-5BC9-45C9-B625-BB30FE665699} = {D5AE8E2F-FCCF-FC4C-7CA1-EC37A83192A6}
		{32DEC294-1AA2-470F-8518-BE70BC9A8F68} = {0AB3BF05-4346-4AA6-1389-037BE0695223}
		{86AC90B4-45E7-44AB-88BA-E2C2CF1E00B8} = {0AB3BF05-4346-4AA6-1389-037BE0695223}
	EndGlobalSection
EndGlobal
