
Microsoft Visual Studio Solution File, Format Version 12.00
# Visual Studio Version 17
VisualStudioVersion = 17.0.31903.59
MinimumVisualStudioVersion = 10.0.40219.1
Project("{2150E333-8FDC-42A3-9474-1A3956D46DE8}") = "src", "src", "{827E0CD3-B72D-47B6-A68D-7590B98EB39B}"
EndProject
Project("{FAE04EC0-301F-11D3-BF4B-00C04F79EFBC}") = "Backlog.Domain", "src\Backlog.Domain\Backlog.Domain.csproj", "{C5C3A7AA-C79E-4388-B7F0-1CC3515E8276}"
EndProject
Project("{FAE04EC0-301F-11D3-BF4B-00C04F79EFBC}") = "Backlog.Storage", "src\Backlog.Storage\Backlog.Storage.csproj", "{D1C24FED-4DD3-4386-A732-607B976517FB}"
EndProject
Project("{FAE04EC0-301F-11D3-BF4B-00C04F79EFBC}") = "Backlog.Desktop", "src\Backlog.Desktop\Backlog.Desktop.csproj", "{C9B0A38E-92E5-4D23-929C-27F47947C842}"
EndProject
Project("{2150E333-8FDC-42A3-9474-1A3956D46DE8}") = "tests", "tests", "{0AB3BF05-4346-4AA6-1389-037BE0695223}"
EndProject
Project("{FAE04EC0-301F-11D3-BF4B-00C04F79EFBC}") = "Backlog.Domain.Tests", "tests\Backlog.Domain.Tests\Backlog.Domain.Tests.csproj", "{09E32BA5-825D-485C-9319-C08B2AC4FD09}"
EndProject
Project("{FAE04EC0-301F-11D3-BF4B-00C04F79EFBC}") = "Backlog.ServiceDefaults", "src\Backlog.ServiceDefaults\Backlog.ServiceDefaults.csproj", "{DEF974EC-4509-47E1-B008-DA1B34E6505F}"
EndProject
Project("{FAE04EC0-301F-11D3-BF4B-00C04F79EFBC}") = "Backlog.AppHost", "src\Backlog.AppHost\Backlog.AppHost.csproj", "{3CDBDCFA-C02B-40C7-BAAE-E6669D4BD08A}"
EndProject
Project("{FAE04EC0-301F-11D3-BF4B-00C04F79EFBC}") = "Backlog.UI", "src\Backlog.UI\Backlog.UI.csproj", "{09466DB4-6BAB-4C37-883D-95B2A410A774}"
EndProject
Project("{FAE04EC0-301F-11D3-BF4B-00C04F79EFBC}") = "Backlog.Web", "src\Backlog.Web\Backlog.Web.csproj", "{BFE992A8-3007-4705-8D4F-0D0F824313DF}"
EndProject
Project("{FAE04EC0-301F-11D3-BF4B-00C04F79EFBC}") = "Backlog.UI.Tests", "tests\Backlog.UI.Tests\Backlog.UI.Tests.csproj", "{CBE0EC8B-DE47-4BBB-A78A-7E8E2AB63324}"
EndProject
Global
	GlobalSection(SolutionConfigurationPlatforms) = preSolution
		Debug|Any CPU = Debug|Any CPU
		Debug|x64 = Debug|x64
		Debug|x86 = Debug|x86
		Release|Any CPU = Release|Any CPU
		Release|x64 = Release|x64
		Release|x86 = Release|x86
	EndGlobalSection
	GlobalSection(ProjectConfigurationPlatforms) = postSolution
		{C5C3A7AA-C79E-4388-B7F0-1CC3515E8276}.Debug|Any CPU.ActiveCfg = Debug|Any CPU
		{C5C3A7AA-C79E-4388-B7F0-1CC3515E8276}.Debug|Any CPU.Build.0 = Debug|Any CPU
		{C5C3A7AA-C79E-4388-B7F0-1CC3515E8276}.Debug|x64.ActiveCfg = Debug|Any CPU
		{C5C3A7AA-C79E-4388-B7F0-1CC3515E8276}.Debug|x64.Build.0 = Debug|Any CPU
		{C5C3A7AA-C79E-4388-B7F0-1CC3515E8276}.Debug|x86.ActiveCfg = Debug|Any CPU
		{C5C3A7AA-C79E-4388-B7F0-1CC3515E8276}.Debug|x86.Build.0 = Debug|Any CPU
		{C5C3A7AA-C79E-4388-B7F0-1CC3515E8276}.Release|Any CPU.ActiveCfg = Release|Any CPU
		{C5C3A7AA-C79E-4388-B7F0-1CC3515E8276}.Release|Any CPU.Build.0 = Release|Any CPU
		{C5C3A7AA-C79E-4388-B7F0-1CC3515E8276}.Release|x64.ActiveCfg = Release|Any CPU
		{C5C3A7AA-C79E-4388-B7F0-1CC3515E8276}.Release|x64.Build.0 = Release|Any CPU
		{C5C3A7AA-C79E-4388-B7F0-1CC3515E8276}.Release|x86.ActiveCfg = Release|Any CPU
		{C5C3A7AA-C79E-4388-B7F0-1CC3515E8276}.Release|x86.Build.0 = Release|Any CPU
		{D1C24FED-4DD3-4386-A732-607B976517FB}.Debug|Any CPU.ActiveCfg = Debug|Any CPU
		{D1C24FED-4DD3-4386-A732-607B976517FB}.Debug|Any CPU.Build.0 = Debug|Any CPU
		{D1C24FED-4DD3-4386-A732-607B976517FB}.Debug|x64.ActiveCfg = Debug|Any CPU
		{D1C24FED-4DD3-4386-A732-607B976517FB}.Debug|x64.Build.0 = Debug|Any CPU
		{D1C24FED-4DD3-4386-A732-607B976517FB}.Debug|x86.ActiveCfg = Debug|Any CPU
		{D1C24FED-4DD3-4386-A732-607B976517FB}.Debug|x86.Build.0 = Debug|Any CPU
		{D1C24FED-4DD3-4386-A732-607B976517FB}.Release|Any CPU.ActiveCfg = Release|Any CPU
		{D1C24FED-4DD3-4386-A732-607B976517FB}.Release|Any CPU.Build.0 = Release|Any CPU
		{D1C24FED-4DD3-4386-A732-607B976517FB}.Release|x64.ActiveCfg = Release|Any CPU
		{D1C24FED-4DD3-4386-A732-607B976517FB}.Release|x64.Build.0 = Release|Any CPU
		{D1C24FED-4DD3-4386-A732-607B976517FB}.Release|x86.ActiveCfg = Release|Any CPU
		{D1C24FED-4DD3-4386-A732-607B976517FB}.Release|x86.Build.0 = Release|Any CPU
		{C9B0A38E-92E5-4D23-929C-27F47947C842}.Debug|Any CPU.ActiveCfg = Debug|x64
		{C9B0A38E-92E5-4D23-929C-27F47947C842}.Debug|Any CPU.Build.0 = Debug|x64
		{C9B0A38E-92E5-4D23-929C-27F47947C842}.Debug|x64.ActiveCfg = Debug|x64
		{C9B0A38E-92E5-4D23-929C-27F47947C842}.Debug|x64.Build.0 = Debug|x64
		{C9B0A38E-92E5-4D23-929C-27F47947C842}.Debug|x86.ActiveCfg = Debug|x86
		{C9B0A38E-92E5-4D23-929C-27F47947C842}.Debug|x86.Build.0 = Debug|x86
		{C9B0A38E-92E5-4D23-929C-27F47947C842}.Release|Any CPU.ActiveCfg = Release|x64
		{C9B0A38E-92E5-4D23-929C-27F47947C842}.Release|Any CPU.Build.0 = Release|x64
		{C9B0A38E-92E5-4D23-929C-27F47947C842}.Release|x64.ActiveCfg = Release|x64
		{C9B0A38E-92E5-4D23-929C-27F47947C842}.Release|x64.Build.0 = Release|x64
		{C9B0A38E-92E5-4D23-929C-27F47947C842}.Release|x86.ActiveCfg = Release|x86
		{C9B0A38E-92E5-4D23-929C-27F47947C842}.Release|x86.Build.0 = Release|x86
		{09E32BA5-825D-485C-9319-C08B2AC4FD09}.Debug|Any CPU.ActiveCfg = Debug|Any CPU
		{09E32BA5-825D-485C-9319-C08B2AC4FD09}.Debug|Any CPU.Build.0 = Debug|Any CPU
		{09E32BA5-825D-485C-9319-C08B2AC4FD09}.Debug|x64.ActiveCfg = Debug|Any CPU
		{09E32BA5-825D-485C-9319-C08B2AC4FD09}.Debug|x64.Build.0 = Debug|Any CPU
		{09E32BA5-825D-485C-9319-C08B2AC4FD09}.Debug|x86.ActiveCfg = Debug|Any CPU
		{09E32BA5-825D-485C-9319-C08B2AC4FD09}.Debug|x86.Build.0 = Debug|Any CPU
		{09E32BA5-825D-485C-9319-C08B2AC4FD09}.Release|Any CPU.ActiveCfg = Release|Any CPU
		{09E32BA5-825D-485C-9319-C08B2AC4FD09}.Release|Any CPU.Build.0 = Release|Any CPU
		{09E32BA5-825D-485C-9319-C08B2AC4FD09}.Release|x64.ActiveCfg = Release|Any CPU
		{09E32BA5-825D-485C-9319-C08B2AC4FD09}.Release|x64.Build.0 = Release|Any CPU
		{09E32BA5-825D-485C-9319-C08B2AC4FD09}.Release|x86.ActiveCfg = Release|Any CPU
		{09E32BA5-825D-485C-9319-C08B2AC4FD09}.Release|x86.Build.0 = Release|Any CPU
		{DEF974EC-4509-47E1-B008-DA1B34E6505F}.Debug|Any CPU.ActiveCfg = Debug|Any CPU
		{DEF974EC-4509-47E1-B008-DA1B34E6505F}.Debug|Any CPU.Build.0 = Debug|Any CPU
		{DEF974EC-4509-47E1-B008-DA1B34E6505F}.Debug|x64.ActiveCfg = Debug|Any CPU
		{DEF974EC-4509-47E1-B008-DA1B34E6505F}.Debug|x64.Build.0 = Debug|Any CPU
		{DEF974EC-4509-47E1-B008-DA1B34E6505F}.Debug|x86.ActiveCfg = Debug|Any CPU
		{DEF974EC-4509-47E1-B008-DA1B34E6505F}.Debug|x86.Build.0 = Debug|Any CPU
		{DEF974EC-4509-47E1-B008-DA1B34E6505F}.Release|Any CPU.ActiveCfg = Release|Any CPU
		{DEF974EC-4509-47E1-B008-DA1B34E6505F}.Release|Any CPU.Build.0 = Release|Any CPU
		{DEF974EC-4509-47E1-B008-DA1B34E6505F}.Release|x64.ActiveCfg = Release|Any CPU
		{DEF974EC-4509-47E1-B008-DA1B34E6505F}.Release|x64.Build.0 = Release|Any CPU
		{DEF974EC-4509-47E1-B008-DA1B34E6505F}.Release|x86.ActiveCfg = Release|Any CPU
		{DEF974EC-4509-47E1-B008-DA1B34E6505F}.Release|x86.Build.0 = Release|Any CPU
		{3CDBDCFA-C02B-40C7-BAAE-E6669D4BD08A}.Debug|Any CPU.ActiveCfg = Debug|Any CPU
		{3CDBDCFA-C02B-40C7-BAAE-E6669D4BD08A}.Debug|Any CPU.Build.0 = Debug|Any CPU
		{3CDBDCFA-C02B-40C7-BAAE-E6669D4BD08A}.Debug|x64.ActiveCfg = Debug|Any CPU
		{3CDBDCFA-C02B-40C7-BAAE-E6669D4BD08A}.Debug|x64.Build.0 = Debug|Any CPU
		{3CDBDCFA-C02B-40C7-BAAE-E6669D4BD08A}.Debug|x86.ActiveCfg = Debug|Any CPU
		{3CDBDCFA-C02B-40C7-BAAE-E6669D4BD08A}.Debug|x86.Build.0 = Debug|Any CPU
		{3CDBDCFA-C02B-40C7-BAAE-E6669D4BD08A}.Release|Any CPU.ActiveCfg = Release|Any CPU
		{3CDBDCFA-C02B-40C7-BAAE-E6669D4BD08A}.Release|Any CPU.Build.0 = Release|Any CPU
		{3CDBDCFA-C02B-40C7-BAAE-E6669D4BD08A}.Release|x64.ActiveCfg = Release|Any CPU
		{3CDBDCFA-C02B-40C7-BAAE-E6669D4BD08A}.Release|x64.Build.0 = Release|Any CPU
		{3CDBDCFA-C02B-40C7-BAAE-E6669D4BD08A}.Release|x86.ActiveCfg = Release|Any CPU
		{3CDBDCFA-C02B-40C7-BAAE-E6669D4BD08A}.Release|x86.Build.0 = Release|Any CPU
		{09466DB4-6BAB-4C37-883D-95B2A410A774}.Debug|Any CPU.ActiveCfg = Debug|Any CPU
		{09466DB4-6BAB-4C37-883D-95B2A410A774}.Debug|Any CPU.Build.0 = Debug|Any CPU
		{09466DB4-6BAB-4C37-883D-95B2A410A774}.Debug|x64.ActiveCfg = Debug|Any CPU
		{09466DB4-6BAB-4C37-883D-95B2A410A774}.Debug|x64.Build.0 = Debug|Any CPU
		{09466DB4-6BAB-4C37-883D-95B2A410A774}.Debug|x86.ActiveCfg = Debug|Any CPU
		{09466DB4-6BAB-4C37-883D-95B2A410A774}.Debug|x86.Build.0 = Debug|Any CPU
		{09466DB4-6BAB-4C37-883D-95B2A410A774}.Release|Any CPU.ActiveCfg = Release|Any CPU
		{09466DB4-6BAB-4C37-883D-95B2A410A774}.Release|Any CPU.Build.0 = Release|Any CPU
		{09466DB4-6BAB-4C37-883D-95B2A410A774}.Release|x64.ActiveCfg = Release|Any CPU
		{09466DB4-6BAB-4C37-883D-95B2A410A774}.Release|x64.Build.0 = Release|Any CPU
		{09466DB4-6BAB-4C37-883D-95B2A410A774}.Release|x86.ActiveCfg = Release|Any CPU
		{09466DB4-6BAB-4C37-883D-95B2A410A774}.Release|x86.Build.0 = Release|Any CPU
		{BFE992A8-3007-4705-8D4F-0D0F824313DF}.Debug|Any CPU.ActiveCfg = Debug|Any CPU
		{BFE992A8-3007-4705-8D4F-0D0F824313DF}.Debug|Any CPU.Build.0 = Debug|Any CPU
		{BFE992A8-3007-4705-8D4F-0D0F824313DF}.Debug|x64.ActiveCfg = Debug|Any CPU
		{BFE992A8-3007-4705-8D4F-0D0F824313DF}.Debug|x64.Build.0 = Debug|Any CPU
		{BFE992A8-3007-4705-8D4F-0D0F824313DF}.Debug|x86.ActiveCfg = Debug|Any CPU
		{BFE992A8-3007-4705-8D4F-0D0F824313DF}.Debug|x86.Build.0 = Debug|Any CPU
		{BFE992A8-3007-4705-8D4F-0D0F824313DF}.Release|Any CPU.ActiveCfg = Release|Any CPU
		{BFE992A8-3007-4705-8D4F-0D0F824313DF}.Release|Any CPU.Build.0 = Release|Any CPU
		{BFE992A8-3007-4705-8D4F-0D0F824313DF}.Release|x64.ActiveCfg = Release|Any CPU
		{BFE992A8-3007-4705-8D4F-0D0F824313DF}.Release|x64.Build.0 = Release|Any CPU
		{BFE992A8-3007-4705-8D4F-0D0F824313DF}.Release|x86.ActiveCfg = Release|Any CPU
		{BFE992A8-3007-4705-8D4F-0D0F824313DF}.Release|x86.Build.0 = Release|Any CPU
		{CBE0EC8B-DE47-4BBB-A78A-7E8E2AB63324}.Debug|Any CPU.ActiveCfg = Debug|Any CPU
		{CBE0EC8B-DE47-4BBB-A78A-7E8E2AB63324}.Debug|Any CPU.Build.0 = Debug|Any CPU
		{CBE0EC8B-DE47-4BBB-A78A-7E8E2AB63324}.Debug|x64.ActiveCfg = Debug|Any CPU
		{CBE0EC8B-DE47-4BBB-A78A-7E8E2AB63324}.Debug|x64.Build.0 = Debug|Any CPU
		{CBE0EC8B-DE47-4BBB-A78A-7E8E2AB63324}.Debug|x86.ActiveCfg = Debug|Any CPU
		{CBE0EC8B-DE47-4BBB-A78A-7E8E2AB63324}.Debug|x86.Build.0 = Debug|Any CPU
		{CBE0EC8B-DE47-4BBB-A78A-7E8E2AB63324}.Release|Any CPU.ActiveCfg = Release|Any CPU
		{CBE0EC8B-DE47-4BBB-A78A-7E8E2AB63324}.Release|Any CPU.Build.0 = Release|Any CPU
		{CBE0EC8B-DE47-4BBB-A78A-7E8E2AB63324}.Release|x64.ActiveCfg = Release|Any CPU
		{CBE0EC8B-DE47-4BBB-A78A-7E8E2AB63324}.Release|x64.Build.0 = Release|Any CPU
		{CBE0EC8B-DE47-4BBB-A78A-7E8E2AB63324}.Release|x86.ActiveCfg = Release|Any CPU
		{CBE0EC8B-DE47-4BBB-A78A-7E8E2AB63324}.Release|x86.Build.0 = Release|Any CPU
	EndGlobalSection
	GlobalSection(SolutionProperties) = preSolution
		HideSolutionNode = FALSE
	EndGlobalSection
	GlobalSection(NestedProjects) = preSolution
		{C5C3A7AA-C79E-4388-B7F0-1CC3515E8276} = {827E0CD3-B72D-47B6-A68D-7590B98EB39B}
		{D1C24FED-4DD3-4386-A732-607B976517FB} = {827E0CD3-B72D-47B6-A68D-7590B98EB39B}
		{C9B0A38E-92E5-4D23-929C-27F47947C842} = {827E0CD3-B72D-47B6-A68D-7590B98EB39B}
		{09E32BA5-825D-485C-9319-C08B2AC4FD09} = {0AB3BF05-4346-4AA6-1389-037BE0695223}
		{DEF974EC-4509-47E1-B008-DA1B34E6505F} = {827E0CD3-B72D-47B6-A68D-7590B98EB39B}
		{3CDBDCFA-C02B-40C7-BAAE-E6669D4BD08A} = {827E0CD3-B72D-47B6-A68D-7590B98EB39B}
		{09466DB4-6BAB-4C37-883D-95B2A410A774} = {827E0CD3-B72D-47B6-A68D-7590B98EB39B}
		{BFE992A8-3007-4705-8D4F-0D0F824313DF} = {827E0CD3-B72D-47B6-A68D-7590B98EB39B}
		{CBE0EC8B-DE47-4BBB-A78A-7E8E2AB63324} = {0AB3BF05-4346-4AA6-1389-037BE0695223}
	EndGlobalSection
EndGlobal
