
Microsoft Visual Studio Solution File, Format Version 12.00
# Visual Studio Version 17
VisualStudioVersion = 17.0.31903.59
MinimumVisualStudioVersion = 10.0.40219.1
Project("{2150E333-8FDC-42A3-9474-1A3956D46DE8}") = "src", "src", "{827E0CD3-B72D-47B6-A68D-7590B98EB39B}"
EndProject
Project("{2150E333-8FDC-42A3-9474-1A3956D46DE8}") = "Aspire", "Aspire", "{52BF7FB6-37FF-5100-EFD1-124EFF302675}"
EndProject
Project("{FAE04EC0-301F-11D3-BF4B-00C04F79EFBC}") = "Backlog.Aspire.AppHost", "src\Aspire\Backlog.Aspire.AppHost\Backlog.Aspire.AppHost.csproj", "{5FB779DC-B2E9-4E57-8C43-E72CE8ADC31A}"
EndProject
Project("{FAE04EC0-301F-11D3-BF4B-00C04F79EFBC}") = "Backlog.Aspire.ServiceDefaults", "src\Aspire\Backlog.Aspire.ServiceDefaults\Backlog.Aspire.ServiceDefaults.csproj", "{16937B30-AC44-4C89-AB9D-58CC3751B4F1}"
EndProject
Project("{2150E333-8FDC-42A3-9474-1A3956D46DE8}") = "Core", "Core", "{C8E42992-5E42-0C2B-DBFE-AA848D06431C}"
EndProject
Project("{FAE04EC0-301F-11D3-BF4B-00C04F79EFBC}") = "Backlog.SharedKernel", "src\Core\Backlog.SharedKernel\Backlog.SharedKernel.csproj", "{803D8106-0BB2-457A-A8C9-E7BC808325CB}"
EndProject
Project("{2150E333-8FDC-42A3-9474-1A3956D46DE8}") = "Modules", "Modules", "{EC447DCF-ABFA-6E24-52A5-D7FD48A5C558}"
EndProject
Project("{2150E333-8FDC-42A3-9474-1A3956D46DE8}") = "Backlog", "Backlog", "{E3F7EC85-33EF-23A9-6376-9D1D607221B9}"
EndProject
Project("{FAE04EC0-301F-11D3-BF4B-00C04F79EFBC}") = "Backlog.Modules.Backlog", "src\Modules\Backlog\Backlog.Modules.Backlog\Backlog.Modules.Backlog.csproj", "{F71608C3-9303-4BB8-BB9F-C192E4322F6C}"
EndProject
Project("{2150E333-8FDC-42A3-9474-1A3956D46DE8}") = "Infrastructure", "Infrastructure", "{9048EB7F-3875-A59E-E36B-5BD4C6F2A282}"
EndProject
Project("{FAE04EC0-301F-11D3-BF4B-00C04F79EFBC}") = "Backlog.Infrastructure.FileSystem", "src\Infrastructure\Backlog.Infrastructure.FileSystem\Backlog.Infrastructure.FileSystem.csproj", "{B39F80F6-BBA4-4006-96DD-EE8870BB8E96}"
EndProject
Project("{FAE04EC0-301F-11D3-BF4B-00C04F79EFBC}") = "Backlog.Infrastructure.GitHub", "src\Infrastructure\Backlog.Infrastructure.GitHub\Backlog.Infrastructure.GitHub.csproj", "{C0A7725D-0ED9-410C-9C52-C22F330188DB}"
EndProject
Project("{2150E333-8FDC-42A3-9474-1A3956D46DE8}") = "App", "App", "{547E75E0-49BC-27F6-65D6-DF25CFFB661A}"
EndProject
Project("{FAE04EC0-301F-11D3-BF4B-00C04F79EFBC}") = "Backlog.Desktop.UI", "src\App\Backlog.Desktop.UI\Backlog.Desktop.UI.csproj", "{3B04EA99-1525-40B7-811A-21DB7D1787C8}"
EndProject
Project("{FAE04EC0-301F-11D3-BF4B-00C04F79EFBC}") = "Backlog.Desktop", "src\App\Backlog.Desktop\Backlog.Desktop.csproj", "{34E17BD1-F97F-4A21-9DA1-F574269BE558}"
EndProject
Project("{FAE04EC0-301F-11D3-BF4B-00C04F79EFBC}") = "Backlog.Mobile.UI", "src\App\Backlog.Mobile.UI\Backlog.Mobile.UI.csproj", "{ABB53A21-38D5-46FB-B13F-C1A632173CBF}"
EndProject
Project("{FAE04EC0-301F-11D3-BF4B-00C04F79EFBC}") = "Backlog.Mobile", "src\App\Backlog.Mobile\Backlog.Mobile.csproj", "{27FA7D79-2C4F-43C2-B657-D6E9B9A56C61}"
EndProject
Project("{2150E333-8FDC-42A3-9474-1A3956D46DE8}") = "Sync", "Sync", "{95E80168-171F-B871-B946-3646EA1871A2}"
EndProject
Project("{FAE04EC0-301F-11D3-BF4B-00C04F79EFBC}") = "Backlog.Modules.Sync.Api", "src\Modules\Sync\Backlog.Modules.Sync.Api\Backlog.Modules.Sync.Api.csproj", "{93A7B1AB-D000-48C2-B670-A7887A3359FA}"
EndProject
Project("{2150E333-8FDC-42A3-9474-1A3956D46DE8}") = "tests", "tests", "{0AB3BF05-4346-4AA6-1389-037BE0695223}"
EndProject
Project("{FAE04EC0-301F-11D3-BF4B-00C04F79EFBC}") = "Backlog.Modules.Backlog.UnitTests", "tests\Backlog.Modules.Backlog.UnitTests\Backlog.Modules.Backlog.UnitTests.csproj", "{F1BB6E09-89A0-4214-B3F6-413D23AA5284}"
EndProject
Project("{FAE04EC0-301F-11D3-BF4B-00C04F79EFBC}") = "Backlog.Infrastructure.FileSystem.UnitTests", "tests\Backlog.Infrastructure.FileSystem.UnitTests\Backlog.Infrastructure.FileSystem.UnitTests.csproj", "{6302BDC7-7A2F-4BFA-823C-17DC76732A8D}"
EndProject
Project("{FAE04EC0-301F-11D3-BF4B-00C04F79EFBC}") = "Backlog.Desktop.UI.UnitTests", "tests\Backlog.Desktop.UI.UnitTests\Backlog.Desktop.UI.UnitTests.csproj", "{62028E74-D21B-49DA-82BF-0DB71DE10B17}"
EndProject
Project("{FAE04EC0-301F-11D3-BF4B-00C04F79EFBC}") = "Backlog.ArchitectureTests", "tests\Backlog.ArchitectureTests\Backlog.ArchitectureTests.csproj", "{58858F1A-1BF0-49D9-A91C-85ECEB5BF57F}"
EndProject
Project("{FAE04EC0-301F-11D3-BF4B-00C04F79EFBC}") = "Backlog.Infrastructure.Copilot", "src\Infrastructure\Backlog.Infrastructure.Copilot\Backlog.Infrastructure.Copilot.csproj", "{08D92DAB-3FA3-440A-8B1D-4DC78BD308AB}"
EndProject
Project("{2150E333-8FDC-42A3-9474-1A3956D46DE8}") = "Harness", "Harness", "{D5AE8E2F-FCCF-FC4C-7CA1-EC37A83192A6}"
EndProject
Project("{FAE04EC0-301F-11D3-BF4B-00C04F79EFBC}") = "Backlog.Desktop.WebHarness", "src\Harness\Backlog.Desktop.WebHarness\Backlog.Desktop.WebHarness.csproj", "{93AE502E-027E-4796-822A-54B7F99ACFA3}"
EndProject
Project("{FAE04EC0-301F-11D3-BF4B-00C04F79EFBC}") = "Backlog.Mobile.WebHarness", "src\Harness\Backlog.Mobile.WebHarness\Backlog.Mobile.WebHarness.csproj", "{A3ABD575-EECF-4BA7-97D1-883F93222A95}"
EndProject
Project("{FAE04EC0-301F-11D3-BF4B-00C04F79EFBC}") = "Backlog.Infrastructure.AzureFoundry", "src\Infrastructure\Backlog.Infrastructure.AzureFoundry\Backlog.Infrastructure.AzureFoundry.csproj", "{2CACFE7C-7C87-48C2-AAF7-D293E6081697}"
EndProject
Project("{FAE04EC0-301F-11D3-BF4B-00C04F79EFBC}") = "Backlog.AzureFoundry.TestService", "src\Harness\Backlog.AzureFoundry.TestService\Backlog.AzureFoundry.TestService.csproj", "{2920991B-17D0-44BF-8094-626C9D4FCB68}"
EndProject
Project("{FAE04EC0-301F-11D3-BF4B-00C04F79EFBC}") = "Backlog.Infrastructure.Claude", "src\Infrastructure\Backlog.Infrastructure.Claude\Backlog.Infrastructure.Claude.csproj", "{D13B1945-EDE8-4BA8-ACBE-7D8473CB7367}"
EndProject
Project("{FAE04EC0-301F-11D3-BF4B-00C04F79EFBC}") = "Backlog.Infrastructure.Claude.UnitTests", "tests\Backlog.Infrastructure.Claude.UnitTests\Backlog.Infrastructure.Claude.UnitTests.csproj", "{8D956C12-B2C8-4476-8740-62BB6C649076}"
EndProject
Project("{FAE04EC0-301F-11D3-BF4B-00C04F79EFBC}") = "Backlog.Infrastructure.GitHub.UnitTests", "tests\Backlog.Infrastructure.GitHub.UnitTests\Backlog.Infrastructure.GitHub.UnitTests.csproj", "{6B512C58-7B9E-43E5-8499-DD405EEA4145}"
EndProject
Project("{FAE04EC0-301F-11D3-BF4B-00C04F79EFBC}") = "Backlog.UI.Components", "src\Core\Backlog.UI.Components\Backlog.UI.Components.csproj", "{24E89C7F-71E3-4982-A1B5-36B4EC3F23D8}"
EndProject
Project("{FAE04EC0-301F-11D3-BF4B-00C04F79EFBC}") = "Backlog.UI.Storybook", "src\Harness\Backlog.UI.Storybook\Backlog.UI.Storybook.csproj", "{19A512EA-2E8E-4941-B1B8-8602DE540183}"
EndProject
Project("{FAE04EC0-301F-11D3-BF4B-00C04F79EFBC}") = "Backlog.UI.Components.UnitTests", "tests\Backlog.UI.Components.UnitTests\Backlog.UI.Components.UnitTests.csproj", "{DA5AE76A-1F42-40FE-AAA1-1F559BF1C4FD}"
EndProject
Project("{FAE04EC0-301F-11D3-BF4B-00C04F79EFBC}") = "Backlog.Modules.Backlog.Abstractions", "src\Modules\Backlog\Backlog.Modules.Backlog.Abstractions\Backlog.Modules.Backlog.Abstractions.csproj", "{1DE8A013-9190-475B-ACAF-E67E04A41127}"
EndProject
Project("{FAE04EC0-301F-11D3-BF4B-00C04F79EFBC}") = "Backlog.Modules.Backlog.UI", "src\Modules\Backlog\Backlog.Modules.Backlog.UI\Backlog.Modules.Backlog.UI.csproj", "{D38D50AA-B3C9-436D-A10E-813FC527B549}"
EndProject
Project("{FAE04EC0-301F-11D3-BF4B-00C04F79EFBC}") = "Backlog.Modules.Inbox.UI", "src\Modules\Inbox\Backlog.Modules.Inbox.UI\Backlog.Modules.Inbox.UI.csproj", "{9E2D1F3B-93F6-445D-974B-83FE84B3A893}"
EndProject
Project("{2150E333-8FDC-42A3-9474-1A3956D46DE8}") = "Inbox", "Inbox", "{6A2F9C68-303F-D1C4-5701-339E51546C38}"
EndProject
Project("{2150E333-8FDC-42A3-9474-1A3956D46DE8}") = "Knowledge", "Knowledge", "{6D397FDE-A48A-1422-DC4D-618348DCDC20}"
EndProject
Project("{FAE04EC0-301F-11D3-BF4B-00C04F79EFBC}") = "Backlog.Modules.Knowledge.UI", "src\Modules\Knowledge\Backlog.Modules.Knowledge.UI\Backlog.Modules.Knowledge.UI.csproj", "{CBAA9A74-130C-43BB-8A7E-AD2B30A6828A}"
EndProject
Project("{2150E333-8FDC-42A3-9474-1A3956D46DE8}") = "Roadmap", "Roadmap", "{C17DFF8F-ED22-BA99-FCA0-519CB3661A24}"
EndProject
Project("{FAE04EC0-301F-11D3-BF4B-00C04F79EFBC}") = "Backlog.Modules.Roadmap.UI", "src\Modules\Roadmap\Backlog.Modules.Roadmap.UI\Backlog.Modules.Roadmap.UI.csproj", "{B46F1CCE-2081-428E-A0BA-7C98923C2C83}"
EndProject
Project("{2150E333-8FDC-42A3-9474-1A3956D46DE8}") = "DevPc", "DevPc", "{68F024C1-C165-D8D6-F830-982AF5797070}"
EndProject
Project("{FAE04EC0-301F-11D3-BF4B-00C04F79EFBC}") = "Backlog.Modules.DevPc.Abstractions", "src\Modules\DevPc\Backlog.Modules.DevPc.Abstractions\Backlog.Modules.DevPc.Abstractions.csproj", "{1F56131C-8913-4497-AE72-6530C0793225}"
EndProject
Project("{FAE04EC0-301F-11D3-BF4B-00C04F79EFBC}") = "Backlog.Modules.DevPc.UI", "src\Modules\DevPc\Backlog.Modules.DevPc.UI\Backlog.Modules.DevPc.UI.csproj", "{E2DD911A-9434-4702-A9B5-DB1977297A10}"
EndProject
Project("{2150E333-8FDC-42A3-9474-1A3956D46DE8}") = "Monitoring", "Monitoring", "{5DED1563-EBE2-0BA4-0205-730A6C080853}"
EndProject
Project("{FAE04EC0-301F-11D3-BF4B-00C04F79EFBC}") = "Backlog.Modules.Monitoring.UI", "src\Modules\Monitoring\Backlog.Modules.Monitoring.UI\Backlog.Modules.Monitoring.UI.csproj", "{90799514-560F-4075-8108-F8A535FFAF16}"
EndProject
Project("{FAE04EC0-301F-11D3-BF4B-00C04F79EFBC}") = "Backlog.Modules.Knowledge.Abstractions", "src\Modules\Knowledge\Backlog.Modules.Knowledge.Abstractions\Backlog.Modules.Knowledge.Abstractions.csproj", "{90403C24-4FE1-4EC7-BB3B-BBD0DC5C7B82}"
EndProject
Global
	GlobalSection(SolutionConfigurationPlatforms) = preSolution
		Debug|Any CPU = Debug|Any CPU
		Debug|x64 = Debug|x64
		Debug|x86 = Debug|x86
		Release|Any CPU = Release|Any CPU
		Release|x64 = Release|x64
		Release|x86 = Release|x86
	EndGlobalSection
	GlobalSection(ProjectConfigurationPlatforms) = postSolution
		{5FB779DC-B2E9-4E57-8C43-E72CE8ADC31A}.Debug|Any CPU.ActiveCfg = Debug|Any CPU
		{5FB779DC-B2E9-4E57-8C43-E72CE8ADC31A}.Debug|Any CPU.Build.0 = Debug|Any CPU
		{5FB779DC-B2E9-4E57-8C43-E72CE8ADC31A}.Debug|x64.ActiveCfg = Debug|Any CPU
		{5FB779DC-B2E9-4E57-8C43-E72CE8ADC31A}.Debug|x64.Build.0 = Debug|Any CPU
		{5FB779DC-B2E9-4E57-8C43-E72CE8ADC31A}.Debug|x86.ActiveCfg = Debug|Any CPU
		{5FB779DC-B2E9-4E57-8C43-E72CE8ADC31A}.Debug|x86.Build.0 = Debug|Any CPU
		{5FB779DC-B2E9-4E57-8C43-E72CE8ADC31A}.Release|Any CPU.ActiveCfg = Release|Any CPU
		{5FB779DC-B2E9-4E57-8C43-E72CE8ADC31A}.Release|Any CPU.Build.0 = Release|Any CPU
		{5FB779DC-B2E9-4E57-8C43-E72CE8ADC31A}.Release|x64.ActiveCfg = Release|Any CPU
		{5FB779DC-B2E9-4E57-8C43-E72CE8ADC31A}.Release|x64.Build.0 = Release|Any CPU
		{5FB779DC-B2E9-4E57-8C43-E72CE8ADC31A}.Release|x86.ActiveCfg = Release|Any CPU
		{5FB779DC-B2E9-4E57-8C43-E72CE8ADC31A}.Release|x86.Build.0 = Release|Any CPU
		{16937B30-AC44-4C89-AB9D-58CC3751B4F1}.Debug|Any CPU.ActiveCfg = Debug|Any CPU
		{16937B30-AC44-4C89-AB9D-58CC3751B4F1}.Debug|Any CPU.Build.0 = Debug|Any CPU
		{16937B30-AC44-4C89-AB9D-58CC3751B4F1}.Debug|x64.ActiveCfg = Debug|Any CPU
		{16937B30-AC44-4C89-AB9D-58CC3751B4F1}.Debug|x64.Build.0 = Debug|Any CPU
		{16937B30-AC44-4C89-AB9D-58CC3751B4F1}.Debug|x86.ActiveCfg = Debug|Any CPU
		{16937B30-AC44-4C89-AB9D-58CC3751B4F1}.Debug|x86.Build.0 = Debug|Any CPU
		{16937B30-AC44-4C89-AB9D-58CC3751B4F1}.Release|Any CPU.ActiveCfg = Release|Any CPU
		{16937B30-AC44-4C89-AB9D-58CC3751B4F1}.Release|Any CPU.Build.0 = Release|Any CPU
		{16937B30-AC44-4C89-AB9D-58CC3751B4F1}.Release|x64.ActiveCfg = Release|Any CPU
		{16937B30-AC44-4C89-AB9D-58CC3751B4F1}.Release|x64.Build.0 = Release|Any CPU
		{16937B30-AC44-4C89-AB9D-58CC3751B4F1}.Release|x86.ActiveCfg = Release|Any CPU
		{16937B30-AC44-4C89-AB9D-58CC3751B4F1}.Release|x86.Build.0 = Release|Any CPU
		{803D8106-0BB2-457A-A8C9-E7BC808325CB}.Debug|Any CPU.ActiveCfg = Debug|Any CPU
		{803D8106-0BB2-457A-A8C9-E7BC808325CB}.Debug|Any CPU.Build.0 = Debug|Any CPU
		{803D8106-0BB2-457A-A8C9-E7BC808325CB}.Debug|x64.ActiveCfg = Debug|Any CPU
		{803D8106-0BB2-457A-A8C9-E7BC808325CB}.Debug|x64.Build.0 = Debug|Any CPU
		{803D8106-0BB2-457A-A8C9-E7BC808325CB}.Debug|x86.ActiveCfg = Debug|Any CPU
		{803D8106-0BB2-457A-A8C9-E7BC808325CB}.Debug|x86.Build.0 = Debug|Any CPU
		{803D8106-0BB2-457A-A8C9-E7BC808325CB}.Release|Any CPU.ActiveCfg = Release|Any CPU
		{803D8106-0BB2-457A-A8C9-E7BC808325CB}.Release|Any CPU.Build.0 = Release|Any CPU
		{803D8106-0BB2-457A-A8C9-E7BC808325CB}.Release|x64.ActiveCfg = Release|Any CPU
		{803D8106-0BB2-457A-A8C9-E7BC808325CB}.Release|x64.Build.0 = Release|Any CPU
		{803D8106-0BB2-457A-A8C9-E7BC808325CB}.Release|x86.ActiveCfg = Release|Any CPU
		{803D8106-0BB2-457A-A8C9-E7BC808325CB}.Release|x86.Build.0 = Release|Any CPU
		{F71608C3-9303-4BB8-BB9F-C192E4322F6C}.Debug|Any CPU.ActiveCfg = Debug|Any CPU
		{F71608C3-9303-4BB8-BB9F-C192E4322F6C}.Debug|Any CPU.Build.0 = Debug|Any CPU
		{F71608C3-9303-4BB8-BB9F-C192E4322F6C}.Debug|x64.ActiveCfg = Debug|Any CPU
		{F71608C3-9303-4BB8-BB9F-C192E4322F6C}.Debug|x64.Build.0 = Debug|Any CPU
		{F71608C3-9303-4BB8-BB9F-C192E4322F6C}.Debug|x86.ActiveCfg = Debug|Any CPU
		{F71608C3-9303-4BB8-BB9F-C192E4322F6C}.Debug|x86.Build.0 = Debug|Any CPU
		{F71608C3-9303-4BB8-BB9F-C192E4322F6C}.Release|Any CPU.ActiveCfg = Release|Any CPU
		{F71608C3-9303-4BB8-BB9F-C192E4322F6C}.Release|Any CPU.Build.0 = Release|Any CPU
		{F71608C3-9303-4BB8-BB9F-C192E4322F6C}.Release|x64.ActiveCfg = Release|Any CPU
		{F71608C3-9303-4BB8-BB9F-C192E4322F6C}.Release|x64.Build.0 = Release|Any CPU
		{F71608C3-9303-4BB8-BB9F-C192E4322F6C}.Release|x86.ActiveCfg = Release|Any CPU
		{F71608C3-9303-4BB8-BB9F-C192E4322F6C}.Release|x86.Build.0 = Release|Any CPU
		{B39F80F6-BBA4-4006-96DD-EE8870BB8E96}.Debug|Any CPU.ActiveCfg = Debug|Any CPU
		{B39F80F6-BBA4-4006-96DD-EE8870BB8E96}.Debug|Any CPU.Build.0 = Debug|Any CPU
		{B39F80F6-BBA4-4006-96DD-EE8870BB8E96}.Debug|x64.ActiveCfg = Debug|Any CPU
		{B39F80F6-BBA4-4006-96DD-EE8870BB8E96}.Debug|x64.Build.0 = Debug|Any CPU
		{B39F80F6-BBA4-4006-96DD-EE8870BB8E96}.Debug|x86.ActiveCfg = Debug|Any CPU
		{B39F80F6-BBA4-4006-96DD-EE8870BB8E96}.Debug|x86.Build.0 = Debug|Any CPU
		{B39F80F6-BBA4-4006-96DD-EE8870BB8E96}.Release|Any CPU.ActiveCfg = Release|Any CPU
		{B39F80F6-BBA4-4006-96DD-EE8870BB8E96}.Release|Any CPU.Build.0 = Release|Any CPU
		{B39F80F6-BBA4-4006-96DD-EE8870BB8E96}.Release|x64.ActiveCfg = Release|Any CPU
		{B39F80F6-BBA4-4006-96DD-EE8870BB8E96}.Release|x64.Build.0 = Release|Any CPU
		{B39F80F6-BBA4-4006-96DD-EE8870BB8E96}.Release|x86.ActiveCfg = Release|Any CPU
		{B39F80F6-BBA4-4006-96DD-EE8870BB8E96}.Release|x86.Build.0 = Release|Any CPU
		{C0A7725D-0ED9-410C-9C52-C22F330188DB}.Debug|Any CPU.ActiveCfg = Debug|Any CPU
		{C0A7725D-0ED9-410C-9C52-C22F330188DB}.Debug|Any CPU.Build.0 = Debug|Any CPU
		{C0A7725D-0ED9-410C-9C52-C22F330188DB}.Debug|x64.ActiveCfg = Debug|Any CPU
		{C0A7725D-0ED9-410C-9C52-C22F330188DB}.Debug|x64.Build.0 = Debug|Any CPU
		{C0A7725D-0ED9-410C-9C52-C22F330188DB}.Debug|x86.ActiveCfg = Debug|Any CPU
		{C0A7725D-0ED9-410C-9C52-C22F330188DB}.Debug|x86.Build.0 = Debug|Any CPU
		{C0A7725D-0ED9-410C-9C52-C22F330188DB}.Release|Any CPU.ActiveCfg = Release|Any CPU
		{C0A7725D-0ED9-410C-9C52-C22F330188DB}.Release|Any CPU.Build.0 = Release|Any CPU
		{C0A7725D-0ED9-410C-9C52-C22F330188DB}.Release|x64.ActiveCfg = Release|Any CPU
		{C0A7725D-0ED9-410C-9C52-C22F330188DB}.Release|x64.Build.0 = Release|Any CPU
		{C0A7725D-0ED9-410C-9C52-C22F330188DB}.Release|x86.ActiveCfg = Release|Any CPU
		{C0A7725D-0ED9-410C-9C52-C22F330188DB}.Release|x86.Build.0 = Release|Any CPU
		{3B04EA99-1525-40B7-811A-21DB7D1787C8}.Debug|Any CPU.ActiveCfg = Debug|Any CPU
		{3B04EA99-1525-40B7-811A-21DB7D1787C8}.Debug|Any CPU.Build.0 = Debug|Any CPU
		{3B04EA99-1525-40B7-811A-21DB7D1787C8}.Debug|x64.ActiveCfg = Debug|Any CPU
		{3B04EA99-1525-40B7-811A-21DB7D1787C8}.Debug|x64.Build.0 = Debug|Any CPU
		{3B04EA99-1525-40B7-811A-21DB7D1787C8}.Debug|x86.ActiveCfg = Debug|Any CPU
		{3B04EA99-1525-40B7-811A-21DB7D1787C8}.Debug|x86.Build.0 = Debug|Any CPU
		{3B04EA99-1525-40B7-811A-21DB7D1787C8}.Release|Any CPU.ActiveCfg = Release|Any CPU
		{3B04EA99-1525-40B7-811A-21DB7D1787C8}.Release|Any CPU.Build.0 = Release|Any CPU
		{3B04EA99-1525-40B7-811A-21DB7D1787C8}.Release|x64.ActiveCfg = Release|Any CPU
		{3B04EA99-1525-40B7-811A-21DB7D1787C8}.Release|x64.Build.0 = Release|Any CPU
		{3B04EA99-1525-40B7-811A-21DB7D1787C8}.Release|x86.ActiveCfg = Release|Any CPU
		{3B04EA99-1525-40B7-811A-21DB7D1787C8}.Release|x86.Build.0 = Release|Any CPU
		{34E17BD1-F97F-4A21-9DA1-F574269BE558}.Debug|Any CPU.ActiveCfg = Debug|Any CPU
		{34E17BD1-F97F-4A21-9DA1-F574269BE558}.Debug|Any CPU.Build.0 = Debug|Any CPU
		{34E17BD1-F97F-4A21-9DA1-F574269BE558}.Debug|x64.ActiveCfg = Debug|Any CPU
		{34E17BD1-F97F-4A21-9DA1-F574269BE558}.Debug|x64.Build.0 = Debug|Any CPU
		{34E17BD1-F97F-4A21-9DA1-F574269BE558}.Debug|x86.ActiveCfg = Debug|Any CPU
		{34E17BD1-F97F-4A21-9DA1-F574269BE558}.Debug|x86.Build.0 = Debug|Any CPU
		{34E17BD1-F97F-4A21-9DA1-F574269BE558}.Release|Any CPU.ActiveCfg = Release|Any CPU
		{34E17BD1-F97F-4A21-9DA1-F574269BE558}.Release|Any CPU.Build.0 = Release|Any CPU
		{34E17BD1-F97F-4A21-9DA1-F574269BE558}.Release|x64.ActiveCfg = Release|Any CPU
		{34E17BD1-F97F-4A21-9DA1-F574269BE558}.Release|x64.Build.0 = Release|Any CPU
		{34E17BD1-F97F-4A21-9DA1-F574269BE558}.Release|x86.ActiveCfg = Release|Any CPU
		{34E17BD1-F97F-4A21-9DA1-F574269BE558}.Release|x86.Build.0 = Release|Any CPU
		{ABB53A21-38D5-46FB-B13F-C1A632173CBF}.Debug|Any CPU.ActiveCfg = Debug|Any CPU
		{ABB53A21-38D5-46FB-B13F-C1A632173CBF}.Debug|Any CPU.Build.0 = Debug|Any CPU
		{ABB53A21-38D5-46FB-B13F-C1A632173CBF}.Debug|x64.ActiveCfg = Debug|Any CPU
		{ABB53A21-38D5-46FB-B13F-C1A632173CBF}.Debug|x64.Build.0 = Debug|Any CPU
		{ABB53A21-38D5-46FB-B13F-C1A632173CBF}.Debug|x86.ActiveCfg = Debug|Any CPU
		{ABB53A21-38D5-46FB-B13F-C1A632173CBF}.Debug|x86.Build.0 = Debug|Any CPU
		{ABB53A21-38D5-46FB-B13F-C1A632173CBF}.Release|Any CPU.ActiveCfg = Release|Any CPU
		{ABB53A21-38D5-46FB-B13F-C1A632173CBF}.Release|Any CPU.Build.0 = Release|Any CPU
		{ABB53A21-38D5-46FB-B13F-C1A632173CBF}.Release|x64.ActiveCfg = Release|Any CPU
		{ABB53A21-38D5-46FB-B13F-C1A632173CBF}.Release|x64.Build.0 = Release|Any CPU
		{ABB53A21-38D5-46FB-B13F-C1A632173CBF}.Release|x86.ActiveCfg = Release|Any CPU
		{ABB53A21-38D5-46FB-B13F-C1A632173CBF}.Release|x86.Build.0 = Release|Any CPU
		{27FA7D79-2C4F-43C2-B657-D6E9B9A56C61}.Debug|Any CPU.ActiveCfg = Debug|Any CPU
		{27FA7D79-2C4F-43C2-B657-D6E9B9A56C61}.Debug|Any CPU.Build.0 = Debug|Any CPU
		{27FA7D79-2C4F-43C2-B657-D6E9B9A56C61}.Debug|x64.ActiveCfg = Debug|Any CPU
		{27FA7D79-2C4F-43C2-B657-D6E9B9A56C61}.Debug|x64.Build.0 = Debug|Any CPU
		{27FA7D79-2C4F-43C2-B657-D6E9B9A56C61}.Debug|x86.ActiveCfg = Debug|Any CPU
		{27FA7D79-2C4F-43C2-B657-D6E9B9A56C61}.Debug|x86.Build.0 = Debug|Any CPU
		{27FA7D79-2C4F-43C2-B657-D6E9B9A56C61}.Release|Any CPU.ActiveCfg = Release|Any CPU
		{27FA7D79-2C4F-43C2-B657-D6E9B9A56C61}.Release|Any CPU.Build.0 = Release|Any CPU
		{27FA7D79-2C4F-43C2-B657-D6E9B9A56C61}.Release|x64.ActiveCfg = Release|Any CPU
		{27FA7D79-2C4F-43C2-B657-D6E9B9A56C61}.Release|x64.Build.0 = Release|Any CPU
		{27FA7D79-2C4F-43C2-B657-D6E9B9A56C61}.Release|x86.ActiveCfg = Release|Any CPU
		{27FA7D79-2C4F-43C2-B657-D6E9B9A56C61}.Release|x86.Build.0 = Release|Any CPU
		{93A7B1AB-D000-48C2-B670-A7887A3359FA}.Debug|Any CPU.ActiveCfg = Debug|Any CPU
		{93A7B1AB-D000-48C2-B670-A7887A3359FA}.Debug|Any CPU.Build.0 = Debug|Any CPU
		{93A7B1AB-D000-48C2-B670-A7887A3359FA}.Debug|x64.ActiveCfg = Debug|Any CPU
		{93A7B1AB-D000-48C2-B670-A7887A3359FA}.Debug|x64.Build.0 = Debug|Any CPU
		{93A7B1AB-D000-48C2-B670-A7887A3359FA}.Debug|x86.ActiveCfg = Debug|Any CPU
		{93A7B1AB-D000-48C2-B670-A7887A3359FA}.Debug|x86.Build.0 = Debug|Any CPU
		{93A7B1AB-D000-48C2-B670-A7887A3359FA}.Release|Any CPU.ActiveCfg = Release|Any CPU
		{93A7B1AB-D000-48C2-B670-A7887A3359FA}.Release|Any CPU.Build.0 = Release|Any CPU
		{93A7B1AB-D000-48C2-B670-A7887A3359FA}.Release|x64.ActiveCfg = Release|Any CPU
		{93A7B1AB-D000-48C2-B670-A7887A3359FA}.Release|x64.Build.0 = Release|Any CPU
		{93A7B1AB-D000-48C2-B670-A7887A3359FA}.Release|x86.ActiveCfg = Release|Any CPU
		{93A7B1AB-D000-48C2-B670-A7887A3359FA}.Release|x86.Build.0 = Release|Any CPU
		{F1BB6E09-89A0-4214-B3F6-413D23AA5284}.Debug|Any CPU.ActiveCfg = Debug|Any CPU
		{F1BB6E09-89A0-4214-B3F6-413D23AA5284}.Debug|Any CPU.Build.0 = Debug|Any CPU
		{F1BB6E09-89A0-4214-B3F6-413D23AA5284}.Debug|x64.ActiveCfg = Debug|Any CPU
		{F1BB6E09-89A0-4214-B3F6-413D23AA5284}.Debug|x64.Build.0 = Debug|Any CPU
		{F1BB6E09-89A0-4214-B3F6-413D23AA5284}.Debug|x86.ActiveCfg = Debug|Any CPU
		{F1BB6E09-89A0-4214-B3F6-413D23AA5284}.Debug|x86.Build.0 = Debug|Any CPU
		{F1BB6E09-89A0-4214-B3F6-413D23AA5284}.Release|Any CPU.ActiveCfg = Release|Any CPU
		{F1BB6E09-89A0-4214-B3F6-413D23AA5284}.Release|Any CPU.Build.0 = Release|Any CPU
		{F1BB6E09-89A0-4214-B3F6-413D23AA5284}.Release|x64.ActiveCfg = Release|Any CPU
		{F1BB6E09-89A0-4214-B3F6-413D23AA5284}.Release|x64.Build.0 = Release|Any CPU
		{F1BB6E09-89A0-4214-B3F6-413D23AA5284}.Release|x86.ActiveCfg = Release|Any CPU
		{F1BB6E09-89A0-4214-B3F6-413D23AA5284}.Release|x86.Build.0 = Release|Any CPU
		{6302BDC7-7A2F-4BFA-823C-17DC76732A8D}.Debug|Any CPU.ActiveCfg = Debug|Any CPU
		{6302BDC7-7A2F-4BFA-823C-17DC76732A8D}.Debug|Any CPU.Build.0 = Debug|Any CPU
		{6302BDC7-7A2F-4BFA-823C-17DC76732A8D}.Debug|x64.ActiveCfg = Debug|Any CPU
		{6302BDC7-7A2F-4BFA-823C-17DC76732A8D}.Debug|x64.Build.0 = Debug|Any CPU
		{6302BDC7-7A2F-4BFA-823C-17DC76732A8D}.Debug|x86.ActiveCfg = Debug|Any CPU
		{6302BDC7-7A2F-4BFA-823C-17DC76732A8D}.Debug|x86.Build.0 = Debug|Any CPU
		{6302BDC7-7A2F-4BFA-823C-17DC76732A8D}.Release|Any CPU.ActiveCfg = Release|Any CPU
		{6302BDC7-7A2F-4BFA-823C-17DC76732A8D}.Release|Any CPU.Build.0 = Release|Any CPU
		{6302BDC7-7A2F-4BFA-823C-17DC76732A8D}.Release|x64.ActiveCfg = Release|Any CPU
		{6302BDC7-7A2F-4BFA-823C-17DC76732A8D}.Release|x64.Build.0 = Release|Any CPU
		{6302BDC7-7A2F-4BFA-823C-17DC76732A8D}.Release|x86.ActiveCfg = Release|Any CPU
		{6302BDC7-7A2F-4BFA-823C-17DC76732A8D}.Release|x86.Build.0 = Release|Any CPU
		{62028E74-D21B-49DA-82BF-0DB71DE10B17}.Debug|Any CPU.ActiveCfg = Debug|Any CPU
		{62028E74-D21B-49DA-82BF-0DB71DE10B17}.Debug|Any CPU.Build.0 = Debug|Any CPU
		{62028E74-D21B-49DA-82BF-0DB71DE10B17}.Debug|x64.ActiveCfg = Debug|Any CPU
		{62028E74-D21B-49DA-82BF-0DB71DE10B17}.Debug|x64.Build.0 = Debug|Any CPU
		{62028E74-D21B-49DA-82BF-0DB71DE10B17}.Debug|x86.ActiveCfg = Debug|Any CPU
		{62028E74-D21B-49DA-82BF-0DB71DE10B17}.Debug|x86.Build.0 = Debug|Any CPU
		{62028E74-D21B-49DA-82BF-0DB71DE10B17}.Release|Any CPU.ActiveCfg = Release|Any CPU
		{62028E74-D21B-49DA-82BF-0DB71DE10B17}.Release|Any CPU.Build.0 = Release|Any CPU
		{62028E74-D21B-49DA-82BF-0DB71DE10B17}.Release|x64.ActiveCfg = Release|Any CPU
		{62028E74-D21B-49DA-82BF-0DB71DE10B17}.Release|x64.Build.0 = Release|Any CPU
		{62028E74-D21B-49DA-82BF-0DB71DE10B17}.Release|x86.ActiveCfg = Release|Any CPU
		{62028E74-D21B-49DA-82BF-0DB71DE10B17}.Release|x86.Build.0 = Release|Any CPU
		{58858F1A-1BF0-49D9-A91C-85ECEB5BF57F}.Debug|Any CPU.ActiveCfg = Debug|Any CPU
		{58858F1A-1BF0-49D9-A91C-85ECEB5BF57F}.Debug|Any CPU.Build.0 = Debug|Any CPU
		{58858F1A-1BF0-49D9-A91C-85ECEB5BF57F}.Debug|x64.ActiveCfg = Debug|Any CPU
		{58858F1A-1BF0-49D9-A91C-85ECEB5BF57F}.Debug|x64.Build.0 = Debug|Any CPU
		{58858F1A-1BF0-49D9-A91C-85ECEB5BF57F}.Debug|x86.ActiveCfg = Debug|Any CPU
		{58858F1A-1BF0-49D9-A91C-85ECEB5BF57F}.Debug|x86.Build.0 = Debug|Any CPU
		{58858F1A-1BF0-49D9-A91C-85ECEB5BF57F}.Release|Any CPU.ActiveCfg = Release|Any CPU
		{58858F1A-1BF0-49D9-A91C-85ECEB5BF57F}.Release|Any CPU.Build.0 = Release|Any CPU
		{58858F1A-1BF0-49D9-A91C-85ECEB5BF57F}.Release|x64.ActiveCfg = Release|Any CPU
		{58858F1A-1BF0-49D9-A91C-85ECEB5BF57F}.Release|x64.Build.0 = Release|Any CPU
		{58858F1A-1BF0-49D9-A91C-85ECEB5BF57F}.Release|x86.ActiveCfg = Release|Any CPU
		{58858F1A-1BF0-49D9-A91C-85ECEB5BF57F}.Release|x86.Build.0 = Release|Any CPU
		{08D92DAB-3FA3-440A-8B1D-4DC78BD308AB}.Debug|Any CPU.ActiveCfg = Debug|Any CPU
		{08D92DAB-3FA3-440A-8B1D-4DC78BD308AB}.Debug|Any CPU.Build.0 = Debug|Any CPU
		{08D92DAB-3FA3-440A-8B1D-4DC78BD308AB}.Debug|x64.ActiveCfg = Debug|Any CPU
		{08D92DAB-3FA3-440A-8B1D-4DC78BD308AB}.Debug|x64.Build.0 = Debug|Any CPU
		{08D92DAB-3FA3-440A-8B1D-4DC78BD308AB}.Debug|x86.ActiveCfg = Debug|Any CPU
		{08D92DAB-3FA3-440A-8B1D-4DC78BD308AB}.Debug|x86.Build.0 = Debug|Any CPU
		{08D92DAB-3FA3-440A-8B1D-4DC78BD308AB}.Release|Any CPU.ActiveCfg = Release|Any CPU
		{08D92DAB-3FA3-440A-8B1D-4DC78BD308AB}.Release|Any CPU.Build.0 = Release|Any CPU
		{08D92DAB-3FA3-440A-8B1D-4DC78BD308AB}.Release|x64.ActiveCfg = Release|Any CPU
		{08D92DAB-3FA3-440A-8B1D-4DC78BD308AB}.Release|x64.Build.0 = Release|Any CPU
		{08D92DAB-3FA3-440A-8B1D-4DC78BD308AB}.Release|x86.ActiveCfg = Release|Any CPU
		{08D92DAB-3FA3-440A-8B1D-4DC78BD308AB}.Release|x86.Build.0 = Release|Any CPU
		{93AE502E-027E-4796-822A-54B7F99ACFA3}.Debug|Any CPU.ActiveCfg = Debug|Any CPU
		{93AE502E-027E-4796-822A-54B7F99ACFA3}.Debug|Any CPU.Build.0 = Debug|Any CPU
		{93AE502E-027E-4796-822A-54B7F99ACFA3}.Debug|x64.ActiveCfg = Debug|Any CPU
		{93AE502E-027E-4796-822A-54B7F99ACFA3}.Debug|x64.Build.0 = Debug|Any CPU
		{93AE502E-027E-4796-822A-54B7F99ACFA3}.Debug|x86.ActiveCfg = Debug|Any CPU
		{93AE502E-027E-4796-822A-54B7F99ACFA3}.Debug|x86.Build.0 = Debug|Any CPU
		{93AE502E-027E-4796-822A-54B7F99ACFA3}.Release|Any CPU.ActiveCfg = Release|Any CPU
		{93AE502E-027E-4796-822A-54B7F99ACFA3}.Release|Any CPU.Build.0 = Release|Any CPU
		{93AE502E-027E-4796-822A-54B7F99ACFA3}.Release|x64.ActiveCfg = Release|Any CPU
		{93AE502E-027E-4796-822A-54B7F99ACFA3}.Release|x64.Build.0 = Release|Any CPU
		{93AE502E-027E-4796-822A-54B7F99ACFA3}.Release|x86.ActiveCfg = Release|Any CPU
		{93AE502E-027E-4796-822A-54B7F99ACFA3}.Release|x86.Build.0 = Release|Any CPU
		{A3ABD575-EECF-4BA7-97D1-883F93222A95}.Debug|Any CPU.ActiveCfg = Debug|Any CPU
		{A3ABD575-EECF-4BA7-97D1-883F93222A95}.Debug|Any CPU.Build.0 = Debug|Any CPU
		{A3ABD575-EECF-4BA7-97D1-883F93222A95}.Debug|x64.ActiveCfg = Debug|Any CPU
		{A3ABD575-EECF-4BA7-97D1-883F93222A95}.Debug|x64.Build.0 = Debug|Any CPU
		{A3ABD575-EECF-4BA7-97D1-883F93222A95}.Debug|x86.ActiveCfg = Debug|Any CPU
		{A3ABD575-EECF-4BA7-97D1-883F93222A95}.Debug|x86.Build.0 = Debug|Any CPU
		{A3ABD575-EECF-4BA7-97D1-883F93222A95}.Release|Any CPU.ActiveCfg = Release|Any CPU
		{A3ABD575-EECF-4BA7-97D1-883F93222A95}.Release|Any CPU.Build.0 = Release|Any CPU
		{A3ABD575-EECF-4BA7-97D1-883F93222A95}.Release|x64.ActiveCfg = Release|Any CPU
		{A3ABD575-EECF-4BA7-97D1-883F93222A95}.Release|x64.Build.0 = Release|Any CPU
		{A3ABD575-EECF-4BA7-97D1-883F93222A95}.Release|x86.ActiveCfg = Release|Any CPU
		{A3ABD575-EECF-4BA7-97D1-883F93222A95}.Release|x86.Build.0 = Release|Any CPU
		{2CACFE7C-7C87-48C2-AAF7-D293E6081697}.Debug|Any CPU.ActiveCfg = Debug|Any CPU
		{2CACFE7C-7C87-48C2-AAF7-D293E6081697}.Debug|Any CPU.Build.0 = Debug|Any CPU
		{2CACFE7C-7C87-48C2-AAF7-D293E6081697}.Debug|x64.ActiveCfg = Debug|Any CPU
		{2CACFE7C-7C87-48C2-AAF7-D293E6081697}.Debug|x64.Build.0 = Debug|Any CPU
		{2CACFE7C-7C87-48C2-AAF7-D293E6081697}.Debug|x86.ActiveCfg = Debug|Any CPU
		{2CACFE7C-7C87-48C2-AAF7-D293E6081697}.Debug|x86.Build.0 = Debug|Any CPU
		{2CACFE7C-7C87-48C2-AAF7-D293E6081697}.Release|Any CPU.ActiveCfg = Release|Any CPU
		{2CACFE7C-7C87-48C2-AAF7-D293E6081697}.Release|Any CPU.Build.0 = Release|Any CPU
		{2CACFE7C-7C87-48C2-AAF7-D293E6081697}.Release|x64.ActiveCfg = Release|Any CPU
		{2CACFE7C-7C87-48C2-AAF7-D293E6081697}.Release|x64.Build.0 = Release|Any CPU
		{2CACFE7C-7C87-48C2-AAF7-D293E6081697}.Release|x86.ActiveCfg = Release|Any CPU
		{2CACFE7C-7C87-48C2-AAF7-D293E6081697}.Release|x86.Build.0 = Release|Any CPU
		{2920991B-17D0-44BF-8094-626C9D4FCB68}.Debug|Any CPU.ActiveCfg = Debug|Any CPU
		{2920991B-17D0-44BF-8094-626C9D4FCB68}.Debug|Any CPU.Build.0 = Debug|Any CPU
		{2920991B-17D0-44BF-8094-626C9D4FCB68}.Debug|x64.ActiveCfg = Debug|Any CPU
		{2920991B-17D0-44BF-8094-626C9D4FCB68}.Debug|x64.Build.0 = Debug|Any CPU
		{2920991B-17D0-44BF-8094-626C9D4FCB68}.Debug|x86.ActiveCfg = Debug|Any CPU
		{2920991B-17D0-44BF-8094-626C9D4FCB68}.Debug|x86.Build.0 = Debug|Any CPU
		{2920991B-17D0-44BF-8094-626C9D4FCB68}.Release|Any CPU.ActiveCfg = Release|Any CPU
		{2920991B-17D0-44BF-8094-626C9D4FCB68}.Release|Any CPU.Build.0 = Release|Any CPU
		{2920991B-17D0-44BF-8094-626C9D4FCB68}.Release|x64.ActiveCfg = Release|Any CPU
		{2920991B-17D0-44BF-8094-626C9D4FCB68}.Release|x64.Build.0 = Release|Any CPU
		{2920991B-17D0-44BF-8094-626C9D4FCB68}.Release|x86.ActiveCfg = Release|Any CPU
		{2920991B-17D0-44BF-8094-626C9D4FCB68}.Release|x86.Build.0 = Release|Any CPU
		{D13B1945-EDE8-4BA8-ACBE-7D8473CB7367}.Debug|Any CPU.ActiveCfg = Debug|Any CPU
		{D13B1945-EDE8-4BA8-ACBE-7D8473CB7367}.Debug|Any CPU.Build.0 = Debug|Any CPU
		{D13B1945-EDE8-4BA8-ACBE-7D8473CB7367}.Debug|x64.ActiveCfg = Debug|Any CPU
		{D13B1945-EDE8-4BA8-ACBE-7D8473CB7367}.Debug|x64.Build.0 = Debug|Any CPU
		{D13B1945-EDE8-4BA8-ACBE-7D8473CB7367}.Debug|x86.ActiveCfg = Debug|Any CPU
		{D13B1945-EDE8-4BA8-ACBE-7D8473CB7367}.Debug|x86.Build.0 = Debug|Any CPU
		{D13B1945-EDE8-4BA8-ACBE-7D8473CB7367}.Release|Any CPU.ActiveCfg = Release|Any CPU
		{D13B1945-EDE8-4BA8-ACBE-7D8473CB7367}.Release|Any CPU.Build.0 = Release|Any CPU
		{D13B1945-EDE8-4BA8-ACBE-7D8473CB7367}.Release|x64.ActiveCfg = Release|Any CPU
		{D13B1945-EDE8-4BA8-ACBE-7D8473CB7367}.Release|x64.Build.0 = Release|Any CPU
		{D13B1945-EDE8-4BA8-ACBE-7D8473CB7367}.Release|x86.ActiveCfg = Release|Any CPU
		{D13B1945-EDE8-4BA8-ACBE-7D8473CB7367}.Release|x86.Build.0 = Release|Any CPU
		{8D956C12-B2C8-4476-8740-62BB6C649076}.Debug|Any CPU.ActiveCfg = Debug|Any CPU
		{8D956C12-B2C8-4476-8740-62BB6C649076}.Debug|Any CPU.Build.0 = Debug|Any CPU
		{8D956C12-B2C8-4476-8740-62BB6C649076}.Debug|x64.ActiveCfg = Debug|Any CPU
		{8D956C12-B2C8-4476-8740-62BB6C649076}.Debug|x64.Build.0 = Debug|Any CPU
		{8D956C12-B2C8-4476-8740-62BB6C649076}.Debug|x86.ActiveCfg = Debug|Any CPU
		{8D956C12-B2C8-4476-8740-62BB6C649076}.Debug|x86.Build.0 = Debug|Any CPU
		{8D956C12-B2C8-4476-8740-62BB6C649076}.Release|Any CPU.ActiveCfg = Release|Any CPU
		{8D956C12-B2C8-4476-8740-62BB6C649076}.Release|Any CPU.Build.0 = Release|Any CPU
		{8D956C12-B2C8-4476-8740-62BB6C649076}.Release|x64.ActiveCfg = Release|Any CPU
		{8D956C12-B2C8-4476-8740-62BB6C649076}.Release|x64.Build.0 = Release|Any CPU
		{8D956C12-B2C8-4476-8740-62BB6C649076}.Release|x86.ActiveCfg = Release|Any CPU
		{8D956C12-B2C8-4476-8740-62BB6C649076}.Release|x86.Build.0 = Release|Any CPU
		{6B512C58-7B9E-43E5-8499-DD405EEA4145}.Debug|Any CPU.ActiveCfg = Debug|Any CPU
		{6B512C58-7B9E-43E5-8499-DD405EEA4145}.Debug|Any CPU.Build.0 = Debug|Any CPU
		{6B512C58-7B9E-43E5-8499-DD405EEA4145}.Debug|x64.ActiveCfg = Debug|Any CPU
		{6B512C58-7B9E-43E5-8499-DD405EEA4145}.Debug|x64.Build.0 = Debug|Any CPU
		{6B512C58-7B9E-43E5-8499-DD405EEA4145}.Debug|x86.ActiveCfg = Debug|Any CPU
		{6B512C58-7B9E-43E5-8499-DD405EEA4145}.Debug|x86.Build.0 = Debug|Any CPU
		{6B512C58-7B9E-43E5-8499-DD405EEA4145}.Release|Any CPU.ActiveCfg = Release|Any CPU
		{6B512C58-7B9E-43E5-8499-DD405EEA4145}.Release|Any CPU.Build.0 = Release|Any CPU
		{6B512C58-7B9E-43E5-8499-DD405EEA4145}.Release|x64.ActiveCfg = Release|Any CPU
		{6B512C58-7B9E-43E5-8499-DD405EEA4145}.Release|x64.Build.0 = Release|Any CPU
		{6B512C58-7B9E-43E5-8499-DD405EEA4145}.Release|x86.ActiveCfg = Release|Any CPU
		{6B512C58-7B9E-43E5-8499-DD405EEA4145}.Release|x86.Build.0 = Release|Any CPU
		{24E89C7F-71E3-4982-A1B5-36B4EC3F23D8}.Debug|Any CPU.ActiveCfg = Debug|Any CPU
		{24E89C7F-71E3-4982-A1B5-36B4EC3F23D8}.Debug|Any CPU.Build.0 = Debug|Any CPU
		{24E89C7F-71E3-4982-A1B5-36B4EC3F23D8}.Debug|x64.ActiveCfg = Debug|Any CPU
		{24E89C7F-71E3-4982-A1B5-36B4EC3F23D8}.Debug|x64.Build.0 = Debug|Any CPU
		{24E89C7F-71E3-4982-A1B5-36B4EC3F23D8}.Debug|x86.ActiveCfg = Debug|Any CPU
		{24E89C7F-71E3-4982-A1B5-36B4EC3F23D8}.Debug|x86.Build.0 = Debug|Any CPU
		{24E89C7F-71E3-4982-A1B5-36B4EC3F23D8}.Release|Any CPU.ActiveCfg = Release|Any CPU
		{24E89C7F-71E3-4982-A1B5-36B4EC3F23D8}.Release|Any CPU.Build.0 = Release|Any CPU
		{24E89C7F-71E3-4982-A1B5-36B4EC3F23D8}.Release|x64.ActiveCfg = Release|Any CPU
		{24E89C7F-71E3-4982-A1B5-36B4EC3F23D8}.Release|x64.Build.0 = Release|Any CPU
		{24E89C7F-71E3-4982-A1B5-36B4EC3F23D8}.Release|x86.ActiveCfg = Release|Any CPU
		{24E89C7F-71E3-4982-A1B5-36B4EC3F23D8}.Release|x86.Build.0 = Release|Any CPU
		{19A512EA-2E8E-4941-B1B8-8602DE540183}.Debug|Any CPU.ActiveCfg = Debug|Any CPU
		{19A512EA-2E8E-4941-B1B8-8602DE540183}.Debug|Any CPU.Build.0 = Debug|Any CPU
		{19A512EA-2E8E-4941-B1B8-8602DE540183}.Debug|x64.ActiveCfg = Debug|Any CPU
		{19A512EA-2E8E-4941-B1B8-8602DE540183}.Debug|x64.Build.0 = Debug|Any CPU
		{19A512EA-2E8E-4941-B1B8-8602DE540183}.Debug|x86.ActiveCfg = Debug|Any CPU
		{19A512EA-2E8E-4941-B1B8-8602DE540183}.Debug|x86.Build.0 = Debug|Any CPU
		{19A512EA-2E8E-4941-B1B8-8602DE540183}.Release|Any CPU.ActiveCfg = Release|Any CPU
		{19A512EA-2E8E-4941-B1B8-8602DE540183}.Release|Any CPU.Build.0 = Release|Any CPU
		{19A512EA-2E8E-4941-B1B8-8602DE540183}.Release|x64.ActiveCfg = Release|Any CPU
		{19A512EA-2E8E-4941-B1B8-8602DE540183}.Release|x64.Build.0 = Release|Any CPU
		{19A512EA-2E8E-4941-B1B8-8602DE540183}.Release|x86.ActiveCfg = Release|Any CPU
		{19A512EA-2E8E-4941-B1B8-8602DE540183}.Release|x86.Build.0 = Release|Any CPU
		{DA5AE76A-1F42-40FE-AAA1-1F559BF1C4FD}.Debug|Any CPU.ActiveCfg = Debug|Any CPU
		{DA5AE76A-1F42-40FE-AAA1-1F559BF1C4FD}.Debug|Any CPU.Build.0 = Debug|Any CPU
		{DA5AE76A-1F42-40FE-AAA1-1F559BF1C4FD}.Debug|x64.ActiveCfg = Debug|Any CPU
		{DA5AE76A-1F42-40FE-AAA1-1F559BF1C4FD}.Debug|x64.Build.0 = Debug|Any CPU
		{DA5AE76A-1F42-40FE-AAA1-1F559BF1C4FD}.Debug|x86.ActiveCfg = Debug|Any CPU
		{DA5AE76A-1F42-40FE-AAA1-1F559BF1C4FD}.Debug|x86.Build.0 = Debug|Any CPU
		{DA5AE76A-1F42-40FE-AAA1-1F559BF1C4FD}.Release|Any CPU.ActiveCfg = Release|Any CPU
		{DA5AE76A-1F42-40FE-AAA1-1F559BF1C4FD}.Release|Any CPU.Build.0 = Release|Any CPU
		{DA5AE76A-1F42-40FE-AAA1-1F559BF1C4FD}.Release|x64.ActiveCfg = Release|Any CPU
		{DA5AE76A-1F42-40FE-AAA1-1F559BF1C4FD}.Release|x64.Build.0 = Release|Any CPU
		{DA5AE76A-1F42-40FE-AAA1-1F559BF1C4FD}.Release|x86.ActiveCfg = Release|Any CPU
		{DA5AE76A-1F42-40FE-AAA1-1F559BF1C4FD}.Release|x86.Build.0 = Release|Any CPU
		{1DE8A013-9190-475B-ACAF-E67E04A41127}.Debug|Any CPU.ActiveCfg = Debug|Any CPU
		{1DE8A013-9190-475B-ACAF-E67E04A41127}.Debug|Any CPU.Build.0 = Debug|Any CPU
		{1DE8A013-9190-475B-ACAF-E67E04A41127}.Debug|x64.ActiveCfg = Debug|Any CPU
		{1DE8A013-9190-475B-ACAF-E67E04A41127}.Debug|x64.Build.0 = Debug|Any CPU
		{1DE8A013-9190-475B-ACAF-E67E04A41127}.Debug|x86.ActiveCfg = Debug|Any CPU
		{1DE8A013-9190-475B-ACAF-E67E04A41127}.Debug|x86.Build.0 = Debug|Any CPU
		{1DE8A013-9190-475B-ACAF-E67E04A41127}.Release|Any CPU.ActiveCfg = Release|Any CPU
		{1DE8A013-9190-475B-ACAF-E67E04A41127}.Release|Any CPU.Build.0 = Release|Any CPU
		{1DE8A013-9190-475B-ACAF-E67E04A41127}.Release|x64.ActiveCfg = Release|Any CPU
		{1DE8A013-9190-475B-ACAF-E67E04A41127}.Release|x64.Build.0 = Release|Any CPU
		{1DE8A013-9190-475B-ACAF-E67E04A41127}.Release|x86.ActiveCfg = Release|Any CPU
		{1DE8A013-9190-475B-ACAF-E67E04A41127}.Release|x86.Build.0 = Release|Any CPU
		{D38D50AA-B3C9-436D-A10E-813FC527B549}.Debug|Any CPU.ActiveCfg = Debug|Any CPU
		{D38D50AA-B3C9-436D-A10E-813FC527B549}.Debug|Any CPU.Build.0 = Debug|Any CPU
		{D38D50AA-B3C9-436D-A10E-813FC527B549}.Debug|x64.ActiveCfg = Debug|Any CPU
		{D38D50AA-B3C9-436D-A10E-813FC527B549}.Debug|x64.Build.0 = Debug|Any CPU
		{D38D50AA-B3C9-436D-A10E-813FC527B549}.Debug|x86.ActiveCfg = Debug|Any CPU
		{D38D50AA-B3C9-436D-A10E-813FC527B549}.Debug|x86.Build.0 = Debug|Any CPU
		{D38D50AA-B3C9-436D-A10E-813FC527B549}.Release|Any CPU.ActiveCfg = Release|Any CPU
		{D38D50AA-B3C9-436D-A10E-813FC527B549}.Release|Any CPU.Build.0 = Release|Any CPU
		{D38D50AA-B3C9-436D-A10E-813FC527B549}.Release|x64.ActiveCfg = Release|Any CPU
		{D38D50AA-B3C9-436D-A10E-813FC527B549}.Release|x64.Build.0 = Release|Any CPU
		{D38D50AA-B3C9-436D-A10E-813FC527B549}.Release|x86.ActiveCfg = Release|Any CPU
		{D38D50AA-B3C9-436D-A10E-813FC527B549}.Release|x86.Build.0 = Release|Any CPU
		{9E2D1F3B-93F6-445D-974B-83FE84B3A893}.Debug|Any CPU.ActiveCfg = Debug|Any CPU
		{9E2D1F3B-93F6-445D-974B-83FE84B3A893}.Debug|Any CPU.Build.0 = Debug|Any CPU
		{9E2D1F3B-93F6-445D-974B-83FE84B3A893}.Debug|x64.ActiveCfg = Debug|Any CPU
		{9E2D1F3B-93F6-445D-974B-83FE84B3A893}.Debug|x64.Build.0 = Debug|Any CPU
		{9E2D1F3B-93F6-445D-974B-83FE84B3A893}.Debug|x86.ActiveCfg = Debug|Any CPU
		{9E2D1F3B-93F6-445D-974B-83FE84B3A893}.Debug|x86.Build.0 = Debug|Any CPU
		{9E2D1F3B-93F6-445D-974B-83FE84B3A893}.Release|Any CPU.ActiveCfg = Release|Any CPU
		{9E2D1F3B-93F6-445D-974B-83FE84B3A893}.Release|Any CPU.Build.0 = Release|Any CPU
		{9E2D1F3B-93F6-445D-974B-83FE84B3A893}.Release|x64.ActiveCfg = Release|Any CPU
		{9E2D1F3B-93F6-445D-974B-83FE84B3A893}.Release|x64.Build.0 = Release|Any CPU
		{9E2D1F3B-93F6-445D-974B-83FE84B3A893}.Release|x86.ActiveCfg = Release|Any CPU
		{9E2D1F3B-93F6-445D-974B-83FE84B3A893}.Release|x86.Build.0 = Release|Any CPU
		{CBAA9A74-130C-43BB-8A7E-AD2B30A6828A}.Debug|Any CPU.ActiveCfg = Debug|Any CPU
		{CBAA9A74-130C-43BB-8A7E-AD2B30A6828A}.Debug|Any CPU.Build.0 = Debug|Any CPU
		{CBAA9A74-130C-43BB-8A7E-AD2B30A6828A}.Debug|x64.ActiveCfg = Debug|Any CPU
		{CBAA9A74-130C-43BB-8A7E-AD2B30A6828A}.Debug|x64.Build.0 = Debug|Any CPU
		{CBAA9A74-130C-43BB-8A7E-AD2B30A6828A}.Debug|x86.ActiveCfg = Debug|Any CPU
		{CBAA9A74-130C-43BB-8A7E-AD2B30A6828A}.Debug|x86.Build.0 = Debug|Any CPU
		{CBAA9A74-130C-43BB-8A7E-AD2B30A6828A}.Release|Any CPU.ActiveCfg = Release|Any CPU
		{CBAA9A74-130C-43BB-8A7E-AD2B30A6828A}.Release|Any CPU.Build.0 = Release|Any CPU
		{CBAA9A74-130C-43BB-8A7E-AD2B30A6828A}.Release|x64.ActiveCfg = Release|Any CPU
		{CBAA9A74-130C-43BB-8A7E-AD2B30A6828A}.Release|x64.Build.0 = Release|Any CPU
		{CBAA9A74-130C-43BB-8A7E-AD2B30A6828A}.Release|x86.ActiveCfg = Release|Any CPU
		{CBAA9A74-130C-43BB-8A7E-AD2B30A6828A}.Release|x86.Build.0 = Release|Any CPU
		{B46F1CCE-2081-428E-A0BA-7C98923C2C83}.Debug|Any CPU.ActiveCfg = Debug|Any CPU
		{B46F1CCE-2081-428E-A0BA-7C98923C2C83}.Debug|Any CPU.Build.0 = Debug|Any CPU
		{B46F1CCE-2081-428E-A0BA-7C98923C2C83}.Debug|x64.ActiveCfg = Debug|Any CPU
		{B46F1CCE-2081-428E-A0BA-7C98923C2C83}.Debug|x64.Build.0 = Debug|Any CPU
		{B46F1CCE-2081-428E-A0BA-7C98923C2C83}.Debug|x86.ActiveCfg = Debug|Any CPU
		{B46F1CCE-2081-428E-A0BA-7C98923C2C83}.Debug|x86.Build.0 = Debug|Any CPU
		{B46F1CCE-2081-428E-A0BA-7C98923C2C83}.Release|Any CPU.ActiveCfg = Release|Any CPU
		{B46F1CCE-2081-428E-A0BA-7C98923C2C83}.Release|Any CPU.Build.0 = Release|Any CPU
		{B46F1CCE-2081-428E-A0BA-7C98923C2C83}.Release|x64.ActiveCfg = Release|Any CPU
		{B46F1CCE-2081-428E-A0BA-7C98923C2C83}.Release|x64.Build.0 = Release|Any CPU
		{B46F1CCE-2081-428E-A0BA-7C98923C2C83}.Release|x86.ActiveCfg = Release|Any CPU
		{B46F1CCE-2081-428E-A0BA-7C98923C2C83}.Release|x86.Build.0 = Release|Any CPU
		{1F56131C-8913-4497-AE72-6530C0793225}.Debug|Any CPU.ActiveCfg = Debug|Any CPU
		{1F56131C-8913-4497-AE72-6530C0793225}.Debug|Any CPU.Build.0 = Debug|Any CPU
		{1F56131C-8913-4497-AE72-6530C0793225}.Debug|x64.ActiveCfg = Debug|Any CPU
		{1F56131C-8913-4497-AE72-6530C0793225}.Debug|x64.Build.0 = Debug|Any CPU
		{1F56131C-8913-4497-AE72-6530C0793225}.Debug|x86.ActiveCfg = Debug|Any CPU
		{1F56131C-8913-4497-AE72-6530C0793225}.Debug|x86.Build.0 = Debug|Any CPU
		{1F56131C-8913-4497-AE72-6530C0793225}.Release|Any CPU.ActiveCfg = Release|Any CPU
		{1F56131C-8913-4497-AE72-6530C0793225}.Release|Any CPU.Build.0 = Release|Any CPU
		{1F56131C-8913-4497-AE72-6530C0793225}.Release|x64.ActiveCfg = Release|Any CPU
		{1F56131C-8913-4497-AE72-6530C0793225}.Release|x64.Build.0 = Release|Any CPU
		{1F56131C-8913-4497-AE72-6530C0793225}.Release|x86.ActiveCfg = Release|Any CPU
		{1F56131C-8913-4497-AE72-6530C0793225}.Release|x86.Build.0 = Release|Any CPU
		{E2DD911A-9434-4702-A9B5-DB1977297A10}.Debug|Any CPU.ActiveCfg = Debug|Any CPU
		{E2DD911A-9434-4702-A9B5-DB1977297A10}.Debug|Any CPU.Build.0 = Debug|Any CPU
		{E2DD911A-9434-4702-A9B5-DB1977297A10}.Debug|x64.ActiveCfg = Debug|Any CPU
		{E2DD911A-9434-4702-A9B5-DB1977297A10}.Debug|x64.Build.0 = Debug|Any CPU
		{E2DD911A-9434-4702-A9B5-DB1977297A10}.Debug|x86.ActiveCfg = Debug|Any CPU
		{E2DD911A-9434-4702-A9B5-DB1977297A10}.Debug|x86.Build.0 = Debug|Any CPU
		{E2DD911A-9434-4702-A9B5-DB1977297A10}.Release|Any CPU.ActiveCfg = Release|Any CPU
		{E2DD911A-9434-4702-A9B5-DB1977297A10}.Release|Any CPU.Build.0 = Release|Any CPU
		{E2DD911A-9434-4702-A9B5-DB1977297A10}.Release|x64.ActiveCfg = Release|Any CPU
		{E2DD911A-9434-4702-A9B5-DB1977297A10}.Release|x64.Build.0 = Release|Any CPU
		{E2DD911A-9434-4702-A9B5-DB1977297A10}.Release|x86.ActiveCfg = Release|Any CPU
		{E2DD911A-9434-4702-A9B5-DB1977297A10}.Release|x86.Build.0 = Release|Any CPU
		{90799514-560F-4075-8108-F8A535FFAF16}.Debug|Any CPU.ActiveCfg = Debug|Any CPU
		{90799514-560F-4075-8108-F8A535FFAF16}.Debug|Any CPU.Build.0 = Debug|Any CPU
		{90799514-560F-4075-8108-F8A535FFAF16}.Debug|x64.ActiveCfg = Debug|Any CPU
		{90799514-560F-4075-8108-F8A535FFAF16}.Debug|x64.Build.0 = Debug|Any CPU
		{90799514-560F-4075-8108-F8A535FFAF16}.Debug|x86.ActiveCfg = Debug|Any CPU
		{90799514-560F-4075-8108-F8A535FFAF16}.Debug|x86.Build.0 = Debug|Any CPU
		{90799514-560F-4075-8108-F8A535FFAF16}.Release|Any CPU.ActiveCfg = Release|Any CPU
		{90799514-560F-4075-8108-F8A535FFAF16}.Release|Any CPU.Build.0 = Release|Any CPU
		{90799514-560F-4075-8108-F8A535FFAF16}.Release|x64.ActiveCfg = Release|Any CPU
		{90799514-560F-4075-8108-F8A535FFAF16}.Release|x64.Build.0 = Release|Any CPU
		{90799514-560F-4075-8108-F8A535FFAF16}.Release|x86.ActiveCfg = Release|Any CPU
		{90799514-560F-4075-8108-F8A535FFAF16}.Release|x86.Build.0 = Release|Any CPU
		{90403C24-4FE1-4EC7-BB3B-BBD0DC5C7B82}.Debug|Any CPU.ActiveCfg = Debug|Any CPU
		{90403C24-4FE1-4EC7-BB3B-BBD0DC5C7B82}.Debug|Any CPU.Build.0 = Debug|Any CPU
		{90403C24-4FE1-4EC7-BB3B-BBD0DC5C7B82}.Debug|x64.ActiveCfg = Debug|Any CPU
		{90403C24-4FE1-4EC7-BB3B-BBD0DC5C7B82}.Debug|x64.Build.0 = Debug|Any CPU
		{90403C24-4FE1-4EC7-BB3B-BBD0DC5C7B82}.Debug|x86.ActiveCfg = Debug|Any CPU
		{90403C24-4FE1-4EC7-BB3B-BBD0DC5C7B82}.Debug|x86.Build.0 = Debug|Any CPU
		{90403C24-4FE1-4EC7-BB3B-BBD0DC5C7B82}.Release|Any CPU.ActiveCfg = Release|Any CPU
		{90403C24-4FE1-4EC7-BB3B-BBD0DC5C7B82}.Release|Any CPU.Build.0 = Release|Any CPU
		{90403C24-4FE1-4EC7-BB3B-BBD0DC5C7B82}.Release|x64.ActiveCfg = Release|Any CPU
		{90403C24-4FE1-4EC7-BB3B-BBD0DC5C7B82}.Release|x64.Build.0 = Release|Any CPU
		{90403C24-4FE1-4EC7-BB3B-BBD0DC5C7B82}.Release|x86.ActiveCfg = Release|Any CPU
		{90403C24-4FE1-4EC7-BB3B-BBD0DC5C7B82}.Release|x86.Build.0 = Release|Any CPU
	EndGlobalSection
	GlobalSection(SolutionProperties) = preSolution
		HideSolutionNode = FALSE
	EndGlobalSection
	GlobalSection(NestedProjects) = preSolution
		{52BF7FB6-37FF-5100-EFD1-124EFF302675} = {827E0CD3-B72D-47B6-A68D-7590B98EB39B}
		{5FB779DC-B2E9-4E57-8C43-E72CE8ADC31A} = {52BF7FB6-37FF-5100-EFD1-124EFF302675}
		{16937B30-AC44-4C89-AB9D-58CC3751B4F1} = {52BF7FB6-37FF-5100-EFD1-124EFF302675}
		{C8E42992-5E42-0C2B-DBFE-AA848D06431C} = {827E0CD3-B72D-47B6-A68D-7590B98EB39B}
		{803D8106-0BB2-457A-A8C9-E7BC808325CB} = {C8E42992-5E42-0C2B-DBFE-AA848D06431C}
		{EC447DCF-ABFA-6E24-52A5-D7FD48A5C558} = {827E0CD3-B72D-47B6-A68D-7590B98EB39B}
		{E3F7EC85-33EF-23A9-6376-9D1D607221B9} = {EC447DCF-ABFA-6E24-52A5-D7FD48A5C558}
		{F71608C3-9303-4BB8-BB9F-C192E4322F6C} = {E3F7EC85-33EF-23A9-6376-9D1D607221B9}
		{9048EB7F-3875-A59E-E36B-5BD4C6F2A282} = {827E0CD3-B72D-47B6-A68D-7590B98EB39B}
		{B39F80F6-BBA4-4006-96DD-EE8870BB8E96} = {9048EB7F-3875-A59E-E36B-5BD4C6F2A282}
		{C0A7725D-0ED9-410C-9C52-C22F330188DB} = {9048EB7F-3875-A59E-E36B-5BD4C6F2A282}
		{547E75E0-49BC-27F6-65D6-DF25CFFB661A} = {827E0CD3-B72D-47B6-A68D-7590B98EB39B}
		{3B04EA99-1525-40B7-811A-21DB7D1787C8} = {547E75E0-49BC-27F6-65D6-DF25CFFB661A}
		{34E17BD1-F97F-4A21-9DA1-F574269BE558} = {547E75E0-49BC-27F6-65D6-DF25CFFB661A}
		{ABB53A21-38D5-46FB-B13F-C1A632173CBF} = {547E75E0-49BC-27F6-65D6-DF25CFFB661A}
		{27FA7D79-2C4F-43C2-B657-D6E9B9A56C61} = {547E75E0-49BC-27F6-65D6-DF25CFFB661A}
		{95E80168-171F-B871-B946-3646EA1871A2} = {EC447DCF-ABFA-6E24-52A5-D7FD48A5C558}
		{93A7B1AB-D000-48C2-B670-A7887A3359FA} = {95E80168-171F-B871-B946-3646EA1871A2}
		{F1BB6E09-89A0-4214-B3F6-413D23AA5284} = {0AB3BF05-4346-4AA6-1389-037BE0695223}
		{6302BDC7-7A2F-4BFA-823C-17DC76732A8D} = {0AB3BF05-4346-4AA6-1389-037BE0695223}
		{62028E74-D21B-49DA-82BF-0DB71DE10B17} = {0AB3BF05-4346-4AA6-1389-037BE0695223}
		{58858F1A-1BF0-49D9-A91C-85ECEB5BF57F} = {0AB3BF05-4346-4AA6-1389-037BE0695223}
		{08D92DAB-3FA3-440A-8B1D-4DC78BD308AB} = {9048EB7F-3875-A59E-E36B-5BD4C6F2A282}
		{D5AE8E2F-FCCF-FC4C-7CA1-EC37A83192A6} = {827E0CD3-B72D-47B6-A68D-7590B98EB39B}
		{93AE502E-027E-4796-822A-54B7F99ACFA3} = {D5AE8E2F-FCCF-FC4C-7CA1-EC37A83192A6}
		{A3ABD575-EECF-4BA7-97D1-883F93222A95} = {D5AE8E2F-FCCF-FC4C-7CA1-EC37A83192A6}
		{2CACFE7C-7C87-48C2-AAF7-D293E6081697} = {9048EB7F-3875-A59E-E36B-5BD4C6F2A282}
		{2920991B-17D0-44BF-8094-626C9D4FCB68} = {D5AE8E2F-FCCF-FC4C-7CA1-EC37A83192A6}
		{D13B1945-EDE8-4BA8-ACBE-7D8473CB7367} = {9048EB7F-3875-A59E-E36B-5BD4C6F2A282}
		{8D956C12-B2C8-4476-8740-62BB6C649076} = {0AB3BF05-4346-4AA6-1389-037BE0695223}
		{6B512C58-7B9E-43E5-8499-DD405EEA4145} = {0AB3BF05-4346-4AA6-1389-037BE0695223}
		{24E89C7F-71E3-4982-A1B5-36B4EC3F23D8} = {C8E42992-5E42-0C2B-DBFE-AA848D06431C}
		{19A512EA-2E8E-4941-B1B8-8602DE540183} = {D5AE8E2F-FCCF-FC4C-7CA1-EC37A83192A6}
		{DA5AE76A-1F42-40FE-AAA1-1F559BF1C4FD} = {0AB3BF05-4346-4AA6-1389-037BE0695223}
		{1DE8A013-9190-475B-ACAF-E67E04A41127} = {E3F7EC85-33EF-23A9-6376-9D1D607221B9}
		{D38D50AA-B3C9-436D-A10E-813FC527B549} = {E3F7EC85-33EF-23A9-6376-9D1D607221B9}
		{9E2D1F3B-93F6-445D-974B-83FE84B3A893} = {6A2F9C68-303F-D1C4-5701-339E51546C38}
		{6A2F9C68-303F-D1C4-5701-339E51546C38} = {EC447DCF-ABFA-6E24-52A5-D7FD48A5C558}
		{6D397FDE-A48A-1422-DC4D-618348DCDC20} = {EC447DCF-ABFA-6E24-52A5-D7FD48A5C558}
		{CBAA9A74-130C-43BB-8A7E-AD2B30A6828A} = {6D397FDE-A48A-1422-DC4D-618348DCDC20}
		{C17DFF8F-ED22-BA99-FCA0-519CB3661A24} = {EC447DCF-ABFA-6E24-52A5-D7FD48A5C558}
		{B46F1CCE-2081-428E-A0BA-7C98923C2C83} = {C17DFF8F-ED22-BA99-FCA0-519CB3661A24}
		{68F024C1-C165-D8D6-F830-982AF5797070} = {EC447DCF-ABFA-6E24-52A5-D7FD48A5C558}
		{1F56131C-8913-4497-AE72-6530C0793225} = {68F024C1-C165-D8D6-F830-982AF5797070}
		{E2DD911A-9434-4702-A9B5-DB1977297A10} = {68F024C1-C165-D8D6-F830-982AF5797070}
		{5DED1563-EBE2-0BA4-0205-730A6C080853} = {EC447DCF-ABFA-6E24-52A5-D7FD48A5C558}
		{90799514-560F-4075-8108-F8A535FFAF16} = {5DED1563-EBE2-0BA4-0205-730A6C080853}
		{90403C24-4FE1-4EC7-BB3B-BBD0DC5C7B82} = {6D397FDE-A48A-1422-DC4D-618348DCDC20}
	EndGlobalSection
EndGlobal
